# This file is automatically @generated by Poetry 1.8.3 and should not be changed by hand.

[[package]]
name = "anyio"
version = "4.6.2.post1"
description = "High level compatibility layer for multiple asynchronous event loop implementations"
optional = false
python-versions = ">=3.9"
files = [
    {file = "anyio-4.6.2.post1-py3-none-any.whl", hash = "sha256:6d170c36fba3bdd840c73d3868c1e777e33676a69c3a72cf0a0d5d6d8009b61d"},
    {file = "anyio-4.6.2.post1.tar.gz", hash = "sha256:4c8bc31ccdb51c7f7bd251f51c609e038d63e34219b44aa86e47576389880b4c"},
]

[package.dependencies]
idna = ">=2.8"
sniffio = ">=1.1"

[package.extras]
doc = ["Sphinx (>=7.4,<8.0)", "packaging", "sphinx-autodoc-typehints (>=1.2.0)", "sphinx-rtd-theme"]
test = ["anyio[trio]", "coverage[toml] (>=7)", "exceptiongroup (>=1.2.0)", "hypothesis (>=4.0)", "psutil (>=5.9)", "pytest (>=7.0)", "pytest-mock (>=3.6.1)", "trustme", "truststore (>=0.9.1)", "uvloop (>=0.21.0b1)"]
trio = ["trio (>=0.26.1)"]

[[package]]
name = "black"
version = "23.1.0"
description = "The uncompromising code formatter."
optional = false
python-versions = ">=3.7"
files = [
    {file = "black-23.1.0-cp310-cp310-macosx_10_16_arm64.whl", hash = "sha256:b6a92a41ee34b883b359998f0c8e6eb8e99803aa8bf3123bf2b2e6fec505a221"},
    {file = "black-23.1.0-cp310-cp310-macosx_10_16_universal2.whl", hash = "sha256:57c18c5165c1dbe291d5306e53fb3988122890e57bd9b3dcb75f967f13411a26"},
    {file = "black-23.1.0-cp310-cp310-macosx_10_16_x86_64.whl", hash = "sha256:9880d7d419bb7e709b37e28deb5e68a49227713b623c72b2b931028ea65f619b"},
    {file = "black-23.1.0-cp310-cp310-manylinux_2_17_x86_64.manylinux2014_x86_64.whl", hash = "sha256:e6663f91b6feca5d06f2ccd49a10f254f9298cc1f7f49c46e498a0771b507104"},
    {file = "black-23.1.0-cp310-cp310-win_amd64.whl", hash = "sha256:9afd3f493666a0cd8f8df9a0200c6359ac53940cbde049dcb1a7eb6ee2dd7074"},
    {file = "black-23.1.0-cp311-cp311-macosx_10_16_arm64.whl", hash = "sha256:bfffba28dc52a58f04492181392ee380e95262af14ee01d4bc7bb1b1c6ca8d27"},
    {file = "black-23.1.0-cp311-cp311-macosx_10_16_universal2.whl", hash = "sha256:c1c476bc7b7d021321e7d93dc2cbd78ce103b84d5a4cf97ed535fbc0d6660648"},
    {file = "black-23.1.0-cp311-cp311-macosx_10_16_x86_64.whl", hash = "sha256:382998821f58e5c8238d3166c492139573325287820963d2f7de4d518bd76958"},
    {file = "black-23.1.0-cp311-cp311-manylinux_2_17_x86_64.manylinux2014_x86_64.whl", hash = "sha256:2bf649fda611c8550ca9d7592b69f0637218c2369b7744694c5e4902873b2f3a"},
    {file = "black-23.1.0-cp311-cp311-win_amd64.whl", hash = "sha256:121ca7f10b4a01fd99951234abdbd97728e1240be89fde18480ffac16503d481"},
    {file = "black-23.1.0-cp37-cp37m-macosx_10_16_x86_64.whl", hash = "sha256:a8471939da5e824b891b25751955be52ee7f8a30a916d570a5ba8e0f2eb2ecad"},
    {file = "black-23.1.0-cp37-cp37m-manylinux_2_17_x86_64.manylinux2014_x86_64.whl", hash = "sha256:8178318cb74f98bc571eef19068f6ab5613b3e59d4f47771582f04e175570ed8"},
    {file = "black-23.1.0-cp37-cp37m-win_amd64.whl", hash = "sha256:a436e7881d33acaf2536c46a454bb964a50eff59b21b51c6ccf5a40601fbef24"},
    {file = "black-23.1.0-cp38-cp38-macosx_10_16_arm64.whl", hash = "sha256:a59db0a2094d2259c554676403fa2fac3473ccf1354c1c63eccf7ae65aac8ab6"},
    {file = "black-23.1.0-cp38-cp38-macosx_10_16_universal2.whl", hash = "sha256:0052dba51dec07ed029ed61b18183942043e00008ec65d5028814afaab9a22fd"},
    {file = "black-23.1.0-cp38-cp38-macosx_10_16_x86_64.whl", hash = "sha256:49f7b39e30f326a34b5c9a4213213a6b221d7ae9d58ec70df1c4a307cf2a1580"},
    {file = "black-23.1.0-cp38-cp38-manylinux_2_17_x86_64.manylinux2014_x86_64.whl", hash = "sha256:162e37d49e93bd6eb6f1afc3e17a3d23a823042530c37c3c42eeeaf026f38468"},
    {file = "black-23.1.0-cp38-cp38-win_amd64.whl", hash = "sha256:8b70eb40a78dfac24842458476135f9b99ab952dd3f2dab738c1881a9b38b753"},
    {file = "black-23.1.0-cp39-cp39-macosx_10_16_arm64.whl", hash = "sha256:a29650759a6a0944e7cca036674655c2f0f63806ddecc45ed40b7b8aa314b651"},
    {file = "black-23.1.0-cp39-cp39-macosx_10_16_universal2.whl", hash = "sha256:bb460c8561c8c1bec7824ecbc3ce085eb50005883a6203dcfb0122e95797ee06"},
    {file = "black-23.1.0-cp39-cp39-macosx_10_16_x86_64.whl", hash = "sha256:c91dfc2c2a4e50df0026f88d2215e166616e0c80e86004d0003ece0488db2739"},
    {file = "black-23.1.0-cp39-cp39-manylinux_2_17_x86_64.manylinux2014_x86_64.whl", hash = "sha256:2a951cc83ab535d248c89f300eccbd625e80ab880fbcfb5ac8afb5f01a258ac9"},
    {file = "black-23.1.0-cp39-cp39-win_amd64.whl", hash = "sha256:0680d4380db3719ebcfb2613f34e86c8e6d15ffeabcf8ec59355c5e7b85bb555"},
    {file = "black-23.1.0-py3-none-any.whl", hash = "sha256:7a0f701d314cfa0896b9001df70a530eb2472babb76086344e688829efd97d32"},
    {file = "black-23.1.0.tar.gz", hash = "sha256:b0bd97bea8903f5a2ba7219257a44e3f1f9d00073d6cc1add68f0beec69692ac"},
]

[package.dependencies]
click = ">=8.0.0"
mypy-extensions = ">=0.4.3"
packaging = ">=22.0"
pathspec = ">=0.9.0"
platformdirs = ">=2"

[package.extras]
colorama = ["colorama (>=0.4.3)"]
d = ["aiohttp (>=3.7.4)"]
jupyter = ["ipython (>=7.8.0)", "tokenize-rt (>=3.2.0)"]
uvloop = ["uvloop (>=0.15.2)"]

[[package]]
name = "certifi"
version = "2024.8.30"
description = "Python package for providing Mozilla's CA Bundle."
optional = false
python-versions = ">=3.6"
files = [
    {file = "certifi-2024.8.30-py3-none-any.whl", hash = "sha256:922820b53db7a7257ffbda3f597266d435245903d80737e34f8a45ff3e3230d8"},
    {file = "certifi-2024.8.30.tar.gz", hash = "sha256:bec941d2aa8195e248a60b31ff9f0558284cf01a52591ceda73ea9afffd69fd9"},
]

[[package]]
name = "click"
version = "8.1.7"
description = "Composable command line interface toolkit"
optional = false
python-versions = ">=3.7"
files = [
    {file = "click-8.1.7-py3-none-any.whl", hash = "sha256:ae74fb96c20a0277a1d615f1e4d73c8414f5a98db8b799a7931d1582f3390c28"},
    {file = "click-8.1.7.tar.gz", hash = "sha256:ca9853ad459e787e2192211578cc907e7594e294c7ccc834310722b41b9ca6de"},
]

[package.dependencies]
colorama = {version = "*", markers = "platform_system == \"Windows\""}

[[package]]
name = "colorama"
version = "0.4.6"
description = "Cross-platform colored terminal text."
optional = false
python-versions = "!=3.0.*,!=3.1.*,!=3.2.*,!=3.3.*,!=3.4.*,!=3.5.*,!=3.6.*,>=2.7"
files = [
    {file = "colorama-0.4.6-py2.py3-none-any.whl", hash = "sha256:4f1d9991f5acc0ca119f9d443620b77f9d6b33703e51011c16baf57afb285fc6"},
    {file = "colorama-0.4.6.tar.gz", hash = "sha256:08695f5cb7ed6e0531a20572697297273c47b8cae5a63ffc6d6ed5c201be6e44"},
]

[[package]]
name = "h11"
version = "0.14.0"
description = "A pure-Python, bring-your-own-I/O implementation of HTTP/1.1"
optional = false
python-versions = ">=3.7"
files = [
    {file = "h11-0.14.0-py3-none-any.whl", hash = "sha256:e3fe4ac4b851c468cc8363d500db52c2ead036020723024a109d37346efaa761"},
    {file = "h11-0.14.0.tar.gz", hash = "sha256:8f19fbbe99e72420ff35c00b27a34cb9937e902a8b810e2c88300c6f0a3b699d"},
]

[[package]]
name = "httpcore"
version = "0.16.3"
description = "A minimal low-level HTTP client."
optional = false
python-versions = ">=3.7"
files = [
    {file = "httpcore-0.16.3-py3-none-any.whl", hash = "sha256:da1fb708784a938aa084bde4feb8317056c55037247c787bd7e19eb2c2949dc0"},
    {file = "httpcore-0.16.3.tar.gz", hash = "sha256:c5d6f04e2fc530f39e0c077e6a30caa53f1451096120f1f38b954afd0b17c0cb"},
]

[package.dependencies]
anyio = ">=3.0,<5.0"
certifi = "*"
h11 = ">=0.13,<0.15"
sniffio = "==1.*"

[package.extras]
http2 = ["h2 (>=3,<5)"]
socks = ["socksio (==1.*)"]

[[package]]
name = "httpx"
version = "0.23.3"
description = "The next generation HTTP client."
optional = false
python-versions = ">=3.7"
files = [
    {file = "httpx-0.23.3-py3-none-any.whl", hash = "sha256:a211fcce9b1254ea24f0cd6af9869b3d29aba40154e947d2a07bb499b3e310d6"},
    {file = "httpx-0.23.3.tar.gz", hash = "sha256:9818458eb565bb54898ccb9b8b251a28785dd4a55afbc23d0eb410754fe7d0f9"},
]

[package.dependencies]
certifi = "*"
httpcore = ">=0.15.0,<0.17.0"
rfc3986 = {version = ">=1.3,<2", extras = ["idna2008"]}
sniffio = "*"

[package.extras]
brotli = ["brotli", "brotlicffi"]
cli = ["click (==8.*)", "pygments (==2.*)", "rich (>=10,<13)"]
http2 = ["h2 (>=3,<5)"]
socks = ["socksio (==1.*)"]

[[package]]
name = "idna"
version = "3.10"
description = "Internationalized Domain Names in Applications (IDNA)"
optional = false
python-versions = ">=3.6"
files = [
    {file = "idna-3.10-py3-none-any.whl", hash = "sha256:946d195a0d259cbba61165e88e65941f16e9b36ea6ddb97f00452bae8b1287d3"},
    {file = "idna-3.10.tar.gz", hash = "sha256:12f65c9b470abda6dc35cf8e63cc574b1c52b11df2c86030af0ac09b01b13ea9"},
]

[package.extras]
all = ["flake8 (>=7.1.1)", "mypy (>=1.11.2)", "pytest (>=8.3.2)", "ruff (>=0.6.2)"]

[[package]]
name = "iniconfig"
version = "2.0.0"
description = "brain-dead simple config-ini parsing"
optional = false
python-versions = ">=3.7"
files = [
    {file = "iniconfig-2.0.0-py3-none-any.whl", hash = "sha256:b6a85871a79d2e3b22d2d1b94ac2824226a63c6b741c88f7ae975f18b6778374"},
    {file = "iniconfig-2.0.0.tar.gz", hash = "sha256:2d91e135bf72d31a410b17c16da610a82cb55f6b0477d1a902134b24a455b8b3"},
]

[[package]]
name = "mypy-extensions"
version = "1.0.0"
description = "Type system extensions for programs checked with the mypy type checker."
optional = false
python-versions = ">=3.5"
files = [
    {file = "mypy_extensions-1.0.0-py3-none-any.whl", hash = "sha256:4392f6c0eb8a5668a69e23d168ffa70f0be9ccfd32b5cc2d26a34ae5b844552d"},
    {file = "mypy_extensions-1.0.0.tar.gz", hash = "sha256:75dbf8955dc00442a438fc4d0666508a9a97b6bd41aa2f0ffe9d2f2725af0782"},
]

[[package]]
name = "nodeenv"
version = "1.9.1"
description = "Node.js virtual environment builder"
optional = false
python-versions = "!=3.0.*,!=3.1.*,!=3.2.*,!=3.3.*,!=3.4.*,!=3.5.*,!=3.6.*,>=2.7"
files = [
    {file = "nodeenv-1.9.1-py2.py3-none-any.whl", hash = "sha256:ba11c9782d29c27c70ffbdda2d7415098754709be8a7056d79a737cd901155c9"},
    {file = "nodeenv-1.9.1.tar.gz", hash = "sha256:6ec12890a2dab7946721edbfbcd91f3319c6ccc9aec47be7c7e6b7011ee6645f"},
]

[[package]]
name = "packaging"
version = "24.2"
description = "Core utilities for Python packages"
optional = false
python-versions = ">=3.8"
files = [
    {file = "packaging-24.2-py3-none-any.whl", hash = "sha256:09abb1bccd265c01f4a3aa3f7a7db064b36514d2cba19a2f694fe6150451a759"},
    {file = "packaging-24.2.tar.gz", hash = "sha256:c228a6dc5e932d346bc5739379109d49e8853dd8223571c7c5b55260edc0b97f"},
]

[[package]]
name = "pathspec"
version = "0.12.1"
description = "Utility library for gitignore style pattern matching of file paths."
optional = false
python-versions = ">=3.8"
files = [
    {file = "pathspec-0.12.1-py3-none-any.whl", hash = "sha256:a0d503e138a4c123b27490a4f7beda6a01c6f288df0e4a8b79c7eb0dc7b4cc08"},
    {file = "pathspec-0.12.1.tar.gz", hash = "sha256:a482d51503a1ab33b1c67a6c3813a26953dbdc71c31dacaef9a838c4e29f5712"},
]

[[package]]
name = "platformdirs"
version = "4.3.6"
description = "A small Python package for determining appropriate platform-specific dirs, e.g. a `user data dir`."
optional = false
python-versions = ">=3.8"
files = [
    {file = "platformdirs-4.3.6-py3-none-any.whl", hash = "sha256:73e575e1408ab8103900836b97580d5307456908a03e92031bab39e4554cc3fb"},
    {file = "platformdirs-4.3.6.tar.gz", hash = "sha256:357fb2acbc885b0419afd3ce3ed34564c13c9b95c89360cd9563f73aa5e2b907"},
]

[package.extras]
docs = ["furo (>=2024.8.6)", "proselint (>=0.14)", "sphinx (>=8.0.2)", "sphinx-autodoc-typehints (>=2.4)"]
test = ["appdirs (==1.4.4)", "covdefaults (>=2.3)", "pytest (>=8.3.2)", "pytest-cov (>=5)", "pytest-mock (>=3.14)"]
type = ["mypy (>=1.11.2)"]

[[package]]
name = "pluggy"
version = "1.5.0"
description = "plugin and hook calling mechanisms for python"
optional = false
python-versions = ">=3.8"
files = [
    {file = "pluggy-1.5.0-py3-none-any.whl", hash = "sha256:44e1ad92c8ca002de6377e165f3e0f1be63266ab4d554740532335b9d75ea669"},
    {file = "pluggy-1.5.0.tar.gz", hash = "sha256:2cffa88e94fdc978c4c574f15f9e59b7f4201d439195c3715ca9e2486f1d0cf1"},
]

[package.extras]
dev = ["pre-commit", "tox"]
testing = ["pytest", "pytest-benchmark"]

[[package]]
name = "pyright"
version = "1.1.389"
description = "Command line wrapper for pyright"
optional = false
python-versions = ">=3.7"
files = [
    {file = "pyright-1.1.389-py3-none-any.whl", hash = "sha256:41e9620bba9254406dc1f621a88ceab5a88af4c826feb4f614d95691ed243a60"},
    {file = "pyright-1.1.389.tar.gz", hash = "sha256:716bf8cc174ab8b4dcf6828c3298cac05c5ed775dda9910106a5dcfe4c7fe220"},
]

[package.dependencies]
nodeenv = ">=1.6.0"
typing-extensions = ">=4.1"

[package.extras]
all = ["nodejs-wheel-binaries", "twine (>=3.4.1)"]
dev = ["twine (>=3.4.1)"]
nodejs = ["nodejs-wheel-binaries"]

[[package]]
name = "pytest"
version = "8.3.3"
description = "pytest: simple powerful testing with Python"
optional = false
python-versions = ">=3.8"
files = [
    {file = "pytest-8.3.3-py3-none-any.whl", hash = "sha256:a6853c7375b2663155079443d2e45de913a911a11d669df02a50814944db57b2"},
    {file = "pytest-8.3.3.tar.gz", hash = "sha256:70b98107bd648308a7952b06e6ca9a50bc660be218d53c257cc1fc94fda10181"},
]

[package.dependencies]
colorama = {version = "*", markers = "sys_platform == \"win32\""}
iniconfig = "*"
packaging = "*"
pluggy = ">=1.5,<2"

[package.extras]
dev = ["argcomplete", "attrs (>=19.2)", "hypothesis (>=3.56)", "mock", "pygments (>=2.7.2)", "requests", "setuptools", "xmlschema"]

[[package]]
name = "python-calamine"
version = "0.3.1"
description = "Python binding for Rust's library for reading excel and odf file - calamine"
optional = false
python-versions = ">=3.8"
files = [
    {file = "python_calamine-0.3.1-cp310-cp310-macosx_10_12_x86_64.whl", hash = "sha256:2822c39ad52f289732981cee59b4985388624b54e124e41436bb37565ed32f15"},
    {file = "python_calamine-0.3.1-cp310-cp310-macosx_11_0_arm64.whl", hash = "sha256:f2786751cfe4e81f9170b843741b39a325cf9f49db8d51fc3cd16d6139e0ac60"},
    {file = "python_calamine-0.3.1-cp310-cp310-manylinux_2_17_aarch64.manylinux2014_aarch64.whl", hash = "sha256:086fc992232207164277fd0f1e463f59097637c849470890f903037fde4bf02d"},
    {file = "python_calamine-0.3.1-cp310-cp310-manylinux_2_17_armv7l.manylinux2014_armv7l.whl", hash = "sha256:3f42795617d23bb87b16761286c07e8407a9044823c972da5dea922f71a98445"},
    {file = "python_calamine-0.3.1-cp310-cp310-manylinux_2_17_ppc64le.manylinux2014_ppc64le.whl", hash = "sha256:c8dc27a41ebca543e5a0181b3edc223b83839c49063589583927de922887898a"},
    {file = "python_calamine-0.3.1-cp310-cp310-manylinux_2_17_s390x.manylinux2014_s390x.whl", hash = "sha256:400fd6e650bfedf1a9d79821e32f13aceb0362bbdaa2f37611177eb09cf77056"},
    {file = "python_calamine-0.3.1-cp310-cp310-manylinux_2_17_x86_64.manylinux2014_x86_64.whl", hash = "sha256:a6aec96ea676ec41789a6348137895b3827745d135c3c7f37769f75d417fb867"},
    {file = "python_calamine-0.3.1-cp310-cp310-manylinux_2_5_i686.manylinux1_i686.whl", hash = "sha256:98808c087bbbfe4e858043fc0b953d326c8c70e73d0cd695c29a9bc7b3b0622b"},
    {file = "python_calamine-0.3.1-cp310-cp310-musllinux_1_1_aarch64.whl", hash = "sha256:78cd352976ba7324a2e7ab59188b3fac978b5f80d25e753b255dfec2d24076d9"},
    {file = "python_calamine-0.3.1-cp310-cp310-musllinux_1_1_x86_64.whl", hash = "sha256:2e1bfb191b5da6136887ca64deff427cae185d4d59333d1f1a8637db10ce8c3e"},
    {file = "python_calamine-0.3.1-cp310-none-win32.whl", hash = "sha256:bd9616b355f47326ff4ae970f0a91a17976f316877a56ce3ef376ce58505e66c"},
    {file = "python_calamine-0.3.1-cp310-none-win_amd64.whl", hash = "sha256:40354b04fb68e63659bb5f423534fe6f0b3e709be322c25c60158ac332b85ed3"},
    {file = "python_calamine-0.3.1-cp311-cp311-macosx_10_12_x86_64.whl", hash = "sha256:7fee7306d015e2cb89bd69dc7b928bd947b65415e2cd72deb59a72c5603d0adb"},
    {file = "python_calamine-0.3.1-cp311-cp311-macosx_11_0_arm64.whl", hash = "sha256:c860d5dc649b6be49a94ba07b1673f8dc9be0a89bc33cf13a5ea58998facdb12"},
    {file = "python_calamine-0.3.1-cp311-cp311-manylinux_2_17_aarch64.manylinux2014_aarch64.whl", hash = "sha256:1df7ae7c29f96b6714cfebfd41666462970583b92ceb179b5ddd0d4556ea21ec"},
    {file = "python_calamine-0.3.1-cp311-cp311-manylinux_2_17_armv7l.manylinux2014_armv7l.whl", hash = "sha256:84bac53ba4872b795f808d1d30b51c74eac4a57dc8e4f96bba8140ccdeb320da"},
    {file = "python_calamine-0.3.1-cp311-cp311-manylinux_2_17_ppc64le.manylinux2014_ppc64le.whl", hash = "sha256:e93ebe06fee0f10d43ede04691e80ab63366b00edc5eb873742779fdabe626e3"},
    {file = "python_calamine-0.3.1-cp311-cp311-manylinux_2_17_s390x.manylinux2014_s390x.whl", hash = "sha256:23d04d73d2028c7171c63179f3b4d5679aa057db46e1e0058341b5af047474c4"},
    {file = "python_calamine-0.3.1-cp311-cp311-manylinux_2_17_x86_64.manylinux2014_x86_64.whl", hash = "sha256:7b2005a4bd693dbaa74c96fdaa71a868c149ad376d309c4ad32fe80145216ad2"},
    {file = "python_calamine-0.3.1-cp311-cp311-manylinux_2_5_i686.manylinux1_i686.whl", hash = "sha256:b8c7ab2e26f124483308f1c0f580b01e3ad474ce3eb6a3acf0e0273247ea7b8b"},
    {file = "python_calamine-0.3.1-cp311-cp311-musllinux_1_1_aarch64.whl", hash = "sha256:86466870c1898b75503e752f7ea7b7a045253f1e106db9555071d225af4a1de8"},
    {file = "python_calamine-0.3.1-cp311-cp311-musllinux_1_1_x86_64.whl", hash = "sha256:e6a4ef2435715694eeaea537f9578e33a90f68a5e9e697d98ae14d2aacf302cf"},
    {file = "python_calamine-0.3.1-cp311-none-win32.whl", hash = "sha256:545c0cd8bc72a3341f81f9c46f12cad2ec9f3281360d2893a88a4a4a48f364dc"},
    {file = "python_calamine-0.3.1-cp311-none-win_amd64.whl", hash = "sha256:90e848bb9a062185cdc697b93798e67475956ce466c122b477e34fc4548e2906"},
    {file = "python_calamine-0.3.1-cp311-none-win_arm64.whl", hash = "sha256:455e813450eb03bbe3fc09c1324fbb5c367edf4ec0c7a58f81169e5f2008f27d"},
    {file = "python_calamine-0.3.1-cp312-cp312-macosx_10_12_x86_64.whl", hash = "sha256:eacea175ba67dd04c0d718bcca0488261bd9eefff3b46ae68249e14d705e14a0"},
    {file = "python_calamine-0.3.1-cp312-cp312-macosx_11_0_arm64.whl", hash = "sha256:c2a9a8021d7256e2a21949886d0fe5c67ae805d4b5f9a4d93b2ef971262e64d4"},
    {file = "python_calamine-0.3.1-cp312-cp312-manylinux_2_17_aarch64.manylinux2014_aarch64.whl", hash = "sha256:65d0f0e7a3e554ba5672b9bd5f77b22dd3fc011fd30157c4e377c49b3d95d6d1"},
    {file = "python_calamine-0.3.1-cp312-cp312-manylinux_2_17_armv7l.manylinux2014_armv7l.whl", hash = "sha256:1c3be559acbcec19d79ba07ae81276bbb8fadd474c790db14119a09fb36427fb"},
    {file = "python_calamine-0.3.1-cp312-cp312-manylinux_2_17_ppc64le.manylinux2014_ppc64le.whl", hash = "sha256:af0226e6826000d83a4ac34d81ae5217cc2baa54aecd76aac07091388bf739a1"},
    {file = "python_calamine-0.3.1-cp312-cp312-manylinux_2_17_s390x.manylinux2014_s390x.whl", hash = "sha256:02b90d7e2e11c7449331d2cb744075fb47949d4e039983d6e6d9085950ad2642"},
    {file = "python_calamine-0.3.1-cp312-cp312-manylinux_2_17_x86_64.manylinux2014_x86_64.whl", hash = "sha256:732bb98dd393db80de1cd8a90e7d47dced929c7dea56194394d0fb7baf873fa7"},
    {file = "python_calamine-0.3.1-cp312-cp312-manylinux_2_5_i686.manylinux1_i686.whl", hash = "sha256:56bb60bf663c04e0a4cc801dfd5da3351820a002b4aea72a427603011633d35c"},
    {file = "python_calamine-0.3.1-cp312-cp312-musllinux_1_1_aarch64.whl", hash = "sha256:b8974ee473e6337c9b52d6cab03a202dbe57e1500eb100d96adb6b0dfbff7390"},
    {file = "python_calamine-0.3.1-cp312-cp312-musllinux_1_1_x86_64.whl", hash = "sha256:90876d9b77429c8168d0e4c3ebe1dcf996130c5b0aecb3c6283f85645d4dd29a"},
    {file = "python_calamine-0.3.1-cp312-none-win32.whl", hash = "sha256:17ab4ba8955206eba4a87c6bc0a805ffa9051f831c9f3d17a463d8a844beb197"},
    {file = "python_calamine-0.3.1-cp312-none-win_amd64.whl", hash = "sha256:33ff20f6603fb3434630a00190022020102dc26b6def519d19a19a58a487a514"},
    {file = "python_calamine-0.3.1-cp312-none-win_arm64.whl", hash = "sha256:808ff13261826b64b8313a53a83873cf46df4522cbca98fb66a85b543de68949"},
    {file = "python_calamine-0.3.1-cp313-cp313-macosx_10_12_x86_64.whl", hash = "sha256:9401be43100552fb3a0d9a7392e207e4b4dfa0bc99c3f97613c0d703db0b191b"},
    {file = "python_calamine-0.3.1-cp313-cp313-macosx_11_0_arm64.whl", hash = "sha256:b76875209d89227ea0666c346b5e007fa2ac9cc65b95b91551c4b715d9e6c7be"},
    {file = "python_calamine-0.3.1-cp313-cp313-manylinux_2_17_aarch64.manylinux2014_aarch64.whl", hash = "sha256:b2079ae2c434e28f1c9d17a2f4ea50d92e27d1373fc5908f1fd0c159f387e5b9"},
    {file = "python_calamine-0.3.1-cp313-cp313-manylinux_2_17_armv7l.manylinux2014_armv7l.whl", hash = "sha256:65c8986318846728d66ac2ce5dc017e79e6409ef17a48ca284d45f7d68a8ead0"},
    {file = "python_calamine-0.3.1-cp313-cp313-manylinux_2_17_ppc64le.manylinux2014_ppc64le.whl", hash = "sha256:9504e43f4852265ab55044eb2835c270fda137a1ea35d5e4b7d3581d4ac830f4"},
    {file = "python_calamine-0.3.1-cp313-cp313-manylinux_2_17_s390x.manylinux2014_s390x.whl", hash = "sha256:b8eab37611b39cc8093e5671e5f8f8fc7f427459eabc21497f71659be61d5723"},
    {file = "python_calamine-0.3.1-cp313-cp313-manylinux_2_17_x86_64.manylinux2014_x86_64.whl", hash = "sha256:28e226ff25510e62b57443029e5061dd42b551907a0a983f0e07e6c5e1facb4d"},
    {file = "python_calamine-0.3.1-cp313-cp313-manylinux_2_5_i686.manylinux1_i686.whl", hash = "sha256:721a7bfe0d17c12dcf82886a17c9d1025983cfe61fade8c0d2a1b04bb4bd9980"},
    {file = "python_calamine-0.3.1-cp313-cp313-musllinux_1_1_aarch64.whl", hash = "sha256:1258cb82689ded64b73816fbcb3f02d139c8fd29676e9d451c0f81bb689a7076"},
    {file = "python_calamine-0.3.1-cp313-cp313-musllinux_1_1_x86_64.whl", hash = "sha256:919fe66fd3d3031585c4373a1dd0b128d3ceb0d79d21c8d0878e9ddee4d6b78a"},
    {file = "python_calamine-0.3.1-cp313-none-win32.whl", hash = "sha256:a9df3902b279cb743baf857f29c1c7ed242caa7143c4fdf3a79f553801a662d9"},
    {file = "python_calamine-0.3.1-cp313-none-win_amd64.whl", hash = "sha256:9f96654bceeb10e9ea9624eda857790e1a601593212fc174cb84d1568f12b5e4"},
    {file = "python_calamine-0.3.1-cp313-none-win_arm64.whl", hash = "sha256:e83bd84617400bbca9907f0a44c6eccaeca7bd011791950c181e402992b8cc26"},
    {file = "python_calamine-0.3.1-cp38-cp38-macosx_10_12_x86_64.whl", hash = "sha256:b37166dcf7d7706e0ca3cd6e21a138120f69f1697ea5c9e22b29daac36d02f1b"},
    {file = "python_calamine-0.3.1-cp38-cp38-macosx_11_0_arm64.whl", hash = "sha256:885c668ad97c637a76b18d63d242cafe16629ed4912044c508a2a34e12c08892"},
    {file = "python_calamine-0.3.1-cp38-cp38-manylinux_2_17_aarch64.manylinux2014_aarch64.whl", hash = "sha256:50c8462add6488c196925ceee73c11775bf7323c88dbf3be6591f49c5e179d71"},
    {file = "python_calamine-0.3.1-cp38-cp38-manylinux_2_17_armv7l.manylinux2014_armv7l.whl", hash = "sha256:bfe3ae2e73de00310835495166d16a8de27e49b846923e04f3462d100b964d2f"},
    {file = "python_calamine-0.3.1-cp38-cp38-manylinux_2_17_ppc64le.manylinux2014_ppc64le.whl", hash = "sha256:a46c344077da8709163c75441ab61b5833e5f83e2586c4d63ad525987032c314"},
    {file = "python_calamine-0.3.1-cp38-cp38-manylinux_2_17_s390x.manylinux2014_s390x.whl", hash = "sha256:a8abd68d8d79da7b5316214c9b065c790538a3e0278b7bc278b5395a41330b6a"},
    {file = "python_calamine-0.3.1-cp38-cp38-manylinux_2_17_x86_64.manylinux2014_x86_64.whl", hash = "sha256:11727fd075f0c184ef7655659794fc060a138c9ff4d2c5ac66e0d067aa8526f0"},
    {file = "python_calamine-0.3.1-cp38-cp38-manylinux_2_5_i686.manylinux1_i686.whl", hash = "sha256:fd08e245a7c2676887e548d7a86a909bdc167a3c582f10937f2f55e7216a7305"},
    {file = "python_calamine-0.3.1-cp38-cp38-musllinux_1_1_aarch64.whl", hash = "sha256:6ad2ae302ec13c1610170f0953b6c7accf7b26384b0a3813987e16ec78b59982"},
    {file = "python_calamine-0.3.1-cp38-cp38-musllinux_1_1_x86_64.whl", hash = "sha256:38975ba9b8b8bbe86ab9d384500b0555af6ede8bd328af77cc3d99484bd0e303"},
    {file = "python_calamine-0.3.1-cp38-none-win32.whl", hash = "sha256:68b8cd5f6aceb56e5eb424830493210d478926e36951ccafe2dad15b440da167"},
    {file = "python_calamine-0.3.1-cp38-none-win_amd64.whl", hash = "sha256:f2d270c4eb15971eb5e2e87183470f7eafb1307d6df15253a6cff7c5649ffe04"},
    {file = "python_calamine-0.3.1-cp39-cp39-macosx_10_12_x86_64.whl", hash = "sha256:dcf5ffd5a63b806de03629c2f25585e455aa245d6e0fd78e7a85dff79d16b6e7"},
    {file = "python_calamine-0.3.1-cp39-cp39-macosx_11_0_arm64.whl", hash = "sha256:38c5ff0b9696fe4deec98e8135f33eeee49e302bcfa2ffcc4abe15cb1f8e8054"},
    {file = "python_calamine-0.3.1-cp39-cp39-manylinux_2_17_aarch64.manylinux2014_aarch64.whl", hash = "sha256:58a3331cc70e7496592c9c559fa89a7451db56a200d754e416edb51b9e888a41"},
    {file = "python_calamine-0.3.1-cp39-cp39-manylinux_2_17_armv7l.manylinux2014_armv7l.whl", hash = "sha256:6493fb0fbf766a380d0741c11c6c52b1a06d1917a8e7551f9d560324ca757b82"},
    {file = "python_calamine-0.3.1-cp39-cp39-manylinux_2_17_ppc64le.manylinux2014_ppc64le.whl", hash = "sha256:94f9cd55efdda69352de6679d737d41dfcb1fdb5b8e5c512e0b83fe6b5f3796c"},
    {file = "python_calamine-0.3.1-cp39-cp39-manylinux_2_17_s390x.manylinux2014_s390x.whl", hash = "sha256:79b2a774944b4ed084d9a677cbf88372f725449a260fd134ab2b3422ef2d4a5d"},
    {file = "python_calamine-0.3.1-cp39-cp39-manylinux_2_17_x86_64.manylinux2014_x86_64.whl", hash = "sha256:c96c5cfd02f4a20a2df51ff6732839d3f4a4a781e9e904a85191aaeb8fce2870"},
    {file = "python_calamine-0.3.1-cp39-cp39-manylinux_2_5_i686.manylinux1_i686.whl", hash = "sha256:edf8d83c7369b18d4d42e9e2ccc52143bdbf27a326877bf3fc6fc56c78655372"},
    {file = "python_calamine-0.3.1-cp39-cp39-musllinux_1_1_aarch64.whl", hash = "sha256:2252b25e8fd992f10e916fb4eddc504a58839a1e67f32238bba803ecf16ce7c4"},
    {file = "python_calamine-0.3.1-cp39-cp39-musllinux_1_1_x86_64.whl", hash = "sha256:26d870656fbe1c3767483f3162359765738adab58915157c55afff4dfc32e9e9"},
    {file = "python_calamine-0.3.1-cp39-none-win32.whl", hash = "sha256:28c1394a00bd218ce4223f8f8019fd2c1878f1a01ad47be289964d281fef4dac"},
    {file = "python_calamine-0.3.1-cp39-none-win_amd64.whl", hash = "sha256:529c36520924b16f398e25e78fcd4ea14fdcd95f383db360d107e075628d6941"},
    {file = "python_calamine-0.3.1-pp310-pypy310_pp73-macosx_10_12_x86_64.whl", hash = "sha256:4dbe8d5f27889dfcd03d9ad99a9f392b6c0af41dbc287ac4738804c31c99750a"},
    {file = "python_calamine-0.3.1-pp310-pypy310_pp73-macosx_11_0_arm64.whl", hash = "sha256:9bc553349095b3104708cd1eb345445426400de105df7ede3d5054b0ecfa74e9"},
    {file = "python_calamine-0.3.1-pp310-pypy310_pp73-manylinux_2_17_aarch64.manylinux2014_aarch64.whl", hash = "sha256:f12fa42ea6c7750f994a1a9674414dfd25adb3e61ad570382c05a84e4e8e949e"},
    {file = "python_calamine-0.3.1-pp310-pypy310_pp73-manylinux_2_17_x86_64.manylinux2014_x86_64.whl", hash = "sha256:bbac293a3c4c98e988e564f13820874c6ac02114cef5698a03b8146bd9566ef7"},
    {file = "python_calamine-0.3.1-pp310-pypy310_pp73-manylinux_2_5_i686.manylinux1_i686.whl", hash = "sha256:a571bab6528504cdb99187f4e6a5a64c7ccb065ee1416b9e10c1f416d331aae5"},
    {file = "python_calamine-0.3.1-pp310-pypy310_pp73-musllinux_1_1_aarch64.whl", hash = "sha256:49d2acf3def8ecbabb132b537501bb639ca9d52548fd7058d5da7fa9fdbd1b45"},
    {file = "python_calamine-0.3.1-pp310-pypy310_pp73-musllinux_1_1_x86_64.whl", hash = "sha256:e71ee834988033d3f8254713423ce5232ffe964f1bb2fdc3383f407b8a52dab9"},
    {file = "python_calamine-0.3.1-pp310-pypy310_pp73-win_amd64.whl", hash = "sha256:139afbf6a23c33c55ce0144e15e89e03e333a59b4864a2e1e0c764cd33390414"},
    {file = "python_calamine-0.3.1-pp38-pypy38_pp73-macosx_10_12_x86_64.whl", hash = "sha256:ea28ebd4d347c13c6acc787dba1fb0f626188469f861a2fa9cd057fa689161e2"},
    {file = "python_calamine-0.3.1-pp38-pypy38_pp73-macosx_11_0_arm64.whl", hash = "sha256:39d51754c4375b34b58b6036780ee022db80b54a29fbfc577c785da8dfc358f8"},
    {file = "python_calamine-0.3.1-pp38-pypy38_pp73-manylinux_2_17_aarch64.manylinux2014_aarch64.whl", hash = "sha256:df72ff860dbd9e659a2a3e77a76a89356eea4ebaaa44b6fc4b84cab76e8e5313"},
    {file = "python_calamine-0.3.1-pp38-pypy38_pp73-manylinux_2_17_x86_64.manylinux2014_x86_64.whl", hash = "sha256:cef919d074235843c5b27f493a645457c0edd9c4f19de3d3187d5cbfad3cf849"},
    {file = "python_calamine-0.3.1-pp38-pypy38_pp73-manylinux_2_5_i686.manylinux1_i686.whl", hash = "sha256:7aa81f93809e1a0b7ad289168444878ffd0c72ffe500efca7ea7a2778df812d4"},
    {file = "python_calamine-0.3.1-pp38-pypy38_pp73-musllinux_1_1_aarch64.whl", hash = "sha256:853aab3a19015c49e24892c145646b59719eeb3c71c0582e0af83379d84977a6"},
    {file = "python_calamine-0.3.1-pp38-pypy38_pp73-musllinux_1_1_x86_64.whl", hash = "sha256:79d8f506b917e5c1ec75e3b595181416ebe1cc809addf952a23e170606984709"},
    {file = "python_calamine-0.3.1-pp38-pypy38_pp73-win_amd64.whl", hash = "sha256:a4497c11d412e6df3b85a1fde2110f797ff5b2d739ff79fc50ef62476620a27c"},
    {file = "python_calamine-0.3.1-pp39-pypy39_pp73-macosx_10_12_x86_64.whl", hash = "sha256:dba960d7668ea7c699f5d68f0a8f7c3f9573fbec26a9db4219cb976c8b751384"},
    {file = "python_calamine-0.3.1-pp39-pypy39_pp73-macosx_11_0_arm64.whl", hash = "sha256:41a204b59696cae066f399d7a69637e89d1bd34562d411c96108e3675ab57521"},
    {file = "python_calamine-0.3.1-pp39-pypy39_pp73-manylinux_2_17_aarch64.manylinux2014_aarch64.whl", hash = "sha256:07ef8398036a411896edc6de30eb71a0dcbad61657238525c1c875c089e2a275"},
    {file = "python_calamine-0.3.1-pp39-pypy39_pp73-manylinux_2_17_x86_64.manylinux2014_x86_64.whl", hash = "sha256:21775f97acbfe40182bb17c256e2f8ce0c787a30b86f09a6786bc4530b17c94b"},
    {file = "python_calamine-0.3.1-pp39-pypy39_pp73-manylinux_2_5_i686.manylinux1_i686.whl", hash = "sha256:d4cdd57ebb563e9bc97501b4eaa7ed3545628d8a0ac482e8903894d80332d506"},
    {file = "python_calamine-0.3.1-pp39-pypy39_pp73-musllinux_1_1_aarch64.whl", hash = "sha256:af1e60a711d41e24a24917fe41f98ab36adbcb6f5f85af8a0c895defb5de654f"},
    {file = "python_calamine-0.3.1-pp39-pypy39_pp73-musllinux_1_1_x86_64.whl", hash = "sha256:1faf371a69da8e364d1391cca3a58e46b3aa181e7202ac6452d09f37d3b99f97"},
    {file = "python_calamine-0.3.1-pp39-pypy39_pp73-win_amd64.whl", hash = "sha256:d5ddc96b67f805b3cb27e21d070cee6d269d9fd3a3cb6d6f2a30bc44f848d0f7"},
    {file = "python_calamine-0.3.1.tar.gz", hash = "sha256:4171fadf4a2db1b1ed84536fb2f16ea14bde894d690ff321a85e27df26286b37"},
]

[package.dependencies]
packaging = ">=24.1,<25.0"

[[package]]
name = "python-dotenv"
version = "0.21.1"
description = "Read key-value pairs from a .env file and set them as environment variables"
optional = false
python-versions = ">=3.7"
files = [
    {file = "python-dotenv-0.21.1.tar.gz", hash = "sha256:1c93de8f636cde3ce377292818d0e440b6e45a82f215c3744979151fa8151c49"},
    {file = "python_dotenv-0.21.1-py3-none-any.whl", hash = "sha256:41e12e0318bebc859fcc4d97d4db8d20ad21721a6aa5047dd59f090391cb549a"},
]

[package.extras]
cli = ["click (>=5.0)"]

[[package]]
name = "python-telegram-bot"
version = "20.0"
description = "We have made you a wrapper you can't refuse"
optional = false
python-versions = ">=3.7"
files = [
    {file = "python-telegram-bot-20.0.tar.gz", hash = "sha256:9ff3d7b03d0e621df6c903622338e30d761e121c27179e13f62ba2216b7c6d32"},
    {file = "python_telegram_bot-20.0-py3-none-any.whl", hash = "sha256:2f7f0a0eee6517ffb3e9732b622b5c97c107517f35dc2a97273c74cb5ed39e9d"},
]

[package.dependencies]
httpx = ">=0.23.1,<0.24.0"

[package.extras]
all = ["APScheduler (>=3.9.1,<3.10.0)", "aiolimiter (>=1.0.0,<1.1.0)", "cachetools (>=5.2.0,<5.3.0)", "cryptography (>=3.0,!=3.4,!=3.4.1,!=3.4.2,!=3.4.3)", "httpx[socks]", "pytz (>=2018.6)", "tornado (>=6.2,<7.0)"]
callback-data = ["cachetools (>=5.2.0,<5.3.0)"]
ext = ["APScheduler (>=3.9.1,<3.10.0)", "aiolimiter (>=1.0.0,<1.1.0)", "cachetools (>=5.2.0,<5.3.0)", "pytz (>=2018.6)", "tornado (>=6.2,<7.0)"]
job-queue = ["APScheduler (>=3.9.1,<3.10.0)", "pytz (>=2018.6)"]
passport = ["cryptography (>=3.0,!=3.4,!=3.4.1,!=3.4.2,!=3.4.3)"]
rate-limiter = ["aiolimiter (>=1.0.0,<1.1.0)"]
socks = ["httpx[socks]"]
webhooks = ["tornado (>=6.2,<7.0)"]

[[package]]
name = "rfc3986"
version = "1.5.0"
description = "Validating URI References per RFC 3986"
optional = false
python-versions = "*"
files = [
    {file = "rfc3986-1.5.0-py2.py3-none-any.whl", hash = "sha256:a86d6e1f5b1dc238b218b012df0aa79409667bb209e58da56d0b94704e712a97"},
    {file = "rfc3986-1.5.0.tar.gz", hash = "sha256:270aaf10d87d0d4e095063c65bf3ddbc6ee3d0b226328ce21e036f946e421835"},
]

[package.dependencies]
idna = {version = "*", optional = true, markers = "extra == \"idna2008\""}

[package.extras]
idna2008 = ["idna"]

[[package]]
name = "ruff"
version = "0.0.240"
description = "An extremely fast Python linter, written in Rust."
optional = false
python-versions = ">=3.7"
files = [
    {file = "ruff-0.0.240-py3-none-macosx_10_7_x86_64.whl", hash = "sha256:222dd5a5f7cf2f155d7bb77ac484b9afd6f8aaecd963a91c8dbb93355ef42fd2"},
    {file = "ruff-0.0.240-py3-none-macosx_10_9_x86_64.macosx_11_0_arm64.macosx_10_9_universal2.whl", hash = "sha256:2c956a037671b5ab81546346f3e7f0b3f0e13d0b2e5a3e88c1b2227a1e9aae82"},
    {file = "ruff-0.0.240-py3-none-manylinux_2_17_aarch64.manylinux2014_aarch64.whl", hash = "sha256:b43c73fc165f8c7de7c095208d05653744aee6fb0a71680449c2ff1cf59183ea"},
    {file = "ruff-0.0.240-py3-none-manylinux_2_17_armv7l.manylinux2014_armv7l.whl", hash = "sha256:f58f1122001150d70909885ccf43d869237be814d4cfc74bb60b3883635e440a"},
    {file = "ruff-0.0.240-py3-none-manylinux_2_17_i686.manylinux2014_i686.whl", hash = "sha256:3b427050336b8967755e305f506e84e550591fa47766b5b0cb0c8bcb5c8ca9e7"},
    {file = "ruff-0.0.240-py3-none-manylinux_2_17_ppc64.manylinux2014_ppc64.whl", hash = "sha256:0fe8cc47c4c3423548a074e163388f943a14b1e349be88e5dc4cd43df81b6344"},
    {file = "ruff-0.0.240-py3-none-manylinux_2_17_ppc64le.manylinux2014_ppc64le.whl", hash = "sha256:2f40f07d030e7a8cbe365a62fe8543e146b9bcd2a31f5625c2beaccad0d1b8c1"},
    {file = "ruff-0.0.240-py3-none-manylinux_2_17_s390x.manylinux2014_s390x.whl", hash = "sha256:c222ad12e4bf795e3cec64d56178af1bfbc5d97929a0abf685564937e52c9862"},
    {file = "ruff-0.0.240-py3-none-manylinux_2_17_x86_64.manylinux2014_x86_64.whl", hash = "sha256:a26eb3cd68527bcae2543027a0a674d37d03f239f6f025049149115c9775438d"},
    {file = "ruff-0.0.240-py3-none-musllinux_1_2_aarch64.whl", hash = "sha256:4591c9104b6898cbd0df57f6b6f8e2907b08fa85ff5196750f0a7b370ae9f78e"},
    {file = "ruff-0.0.240-py3-none-musllinux_1_2_armv7l.whl", hash = "sha256:7fed973319ca0a8c2e5c80732217b9b1ec069305839f480907469791e596b150"},
    {file = "ruff-0.0.240-py3-none-musllinux_1_2_i686.whl", hash = "sha256:4ce049d1fedb1b785fef29403d26e6109b77287b51afd10b74edc986f609c4af"},
    {file = "ruff-0.0.240-py3-none-musllinux_1_2_x86_64.whl", hash = "sha256:5127cfaec1f78bd7104174eeacee85dea64796905812b448efd60f504cfa5eec"},
    {file = "ruff-0.0.240-py3-none-win32.whl", hash = "sha256:071e01a980ffd638a5ce7960ce662fa9b434962f78e7c575478c64e5f147aac8"},
    {file = "ruff-0.0.240-py3-none-win_amd64.whl", hash = "sha256:d0b1ac5d1d882db25ca4b7dff8aa813ecc7912bdde4ad8f59f2d922b1996cbc7"},
    {file = "ruff-0.0.240.tar.gz", hash = "sha256:0f1a0b04ce6f3d59894c64f3c3a5a0a35ff4803b8dc51e962d7de42fdb0f5eb1"},
]

[[package]]
name = "sniffio"
version = "1.3.1"
description = "Sniff out which async library your code is running under"
optional = false
python-versions = ">=3.7"
files = [
    {file = "sniffio-1.3.1-py3-none-any.whl", hash = "sha256:2f6da418d1f1e0fddd844478f41680e794e6051915791a034ff65e5f100525a2"},
    {file = "sniffio-1.3.1.tar.gz", hash = "sha256:f4324edc670a0f49750a81b895f35c3adb843cca46f0530f79fc1babb23789dc"},
]

[[package]]
name = "typing-extensions"
version = "4.12.2"
description = "Backported and Experimental Type Hints for Python 3.8+"
optional = false
python-versions = ">=3.8"
files = [
    {file = "typing_extensions-4.12.2-py3-none-any.whl", hash = "sha256:04e5ca0351e0f3f85c6853954072df659d0d13fac324d0072316b67d7794700d"},
    {file = "typing_extensions-4.12.2.tar.gz", hash = "sha256:1a7ead55c7e559dd4dee8856e3a88b41225abfe1ce8df57b7c13915fe121ffb8"},
]

[metadata]
lock-version = "2.0"
python-versions = "^3.11"
content-hash = "6716456a33e7684b896ea680b12155ee4f6e66e2e3ada752277dedc2b77d7c24"
