# This file is automatically @generated by Poetry 2.3.2 and should not be changed by hand.

[[package]]
name = "anyio"
version = "4.6.2.post1"
description = "High level compatibility layer for multiple asynchronous event loop implementations"
optional = false
python-versions = ">=3.9"
groups = ["main"]
files = [
    {file = "anyio-4.6.2.post1-py3-none-any.whl", hash = "sha256:6d170c36fba3bdd840c73d3868c1e777e33676a69c3a72cf0a0d5d6d8009b61d"},
    {file = "anyio-4.6.2.post1.tar.gz", hash = "sha256:4c8bc31ccdb51c7f7bd251f51c609e038d63e34219b44aa86e47576389880b4c"},
]

[package.dependencies]
idna = ">=2.8"
sniffio = ">=1.1"

[package.extras]
doc = ["Sphinx (>=7.4,<8.0)", "packaging", "sphinx-autodoc-typehints (>=1.2.0)", "sphinx-rtd-theme"]
test = ["anyio[trio]", "coverage[toml] (>=7)", "exceptiongroup (>=1.2.0)", "hypothesis (>=4.0)", "psutil (>=5.9)", "pytest (>=7.0)", "pytest-mock (>=3.6.1)", "trustme", "truststore (>=0.9.1) ; python_version >= \"3.10\"", "uvloop (>=0.21.0b1) ; platform_python_implementation == \"CPython\" and platform_system != \"Windows\""]
trio = ["trio (>=0.26.1)"]

[[package]]
name = "black"
version = "26.3.1"
description = "The uncompromising code formatter."
optional = false
python-versions = ">=3.10"
groups = ["dev"]
files = [
    {file = "black-26.3.1-cp310-cp310-macosx_10_9_x86_64.whl", hash = "sha256:86a8b5035fce64f5dcd1b794cf8ec4d31fe458cf6ce3986a30deb434df82a1d2"},
    {file = "black-26.3.1-cp310-cp310-macosx_11_0_arm64.whl", hash = "sha256:5602bdb96d52d2d0672f24f6ffe5218795736dd34807fd0fd55ccd6bf206168b"},
    {file = "black-26.3.1-cp310-cp310-manylinux2014_x86_64.manylinux_2_17_x86_64.manylinux_2_28_x86_64.whl", hash = "sha256:6c54a4a82e291a1fee5137371ab488866b7c86a3305af4026bdd4dc78642e1ac"},
    {file = "black-26.3.1-cp310-cp310-win_amd64.whl", hash = "sha256:6e131579c243c98f35bce64a7e08e87fb2d610544754675d4a0e73a070a5aa3a"},
    {file = "black-26.3.1-cp310-cp310-win_arm64.whl", hash = "sha256:5ed0ca58586c8d9a487352a96b15272b7fa55d139fc8496b519e78023a8dab0a"},
    {file = "black-26.3.1-cp311-cp311-macosx_10_9_x86_64.whl", hash = "sha256:28ef38aee69e4b12fda8dba75e21f9b4f979b490c8ac0baa7cb505369ac9e1ff"},
    {file = "black-26.3.1-cp311-cp311-macosx_11_0_arm64.whl", hash = "sha256:bf9bf162ed91a26f1adba8efda0b573bc6924ec1408a52cc6f82cb73ec2b142c"},
    {file = "black-26.3.1-cp311-cp311-manylinux2014_x86_64.manylinux_2_17_x86_64.manylinux_2_28_x86_64.whl", hash = "sha256:474c27574d6d7037c1bc875a81d9be0a9a4f9ee95e62800dab3cfaadbf75acd5"},
    {file = "black-26.3.1-cp311-cp311-win_amd64.whl", hash = "sha256:5e9d0d86df21f2e1677cc4bd090cd0e446278bcbbe49bf3659c308c3e402843e"},
    {file = "black-26.3.1-cp311-cp311-win_arm64.whl", hash = "sha256:9a5e9f45e5d5e1c5b5c29b3bd4265dcc90e8b92cf4534520896ed77f791f4da5"},
    {file = "black-26.3.1-cp312-cp312-macosx_10_13_x86_64.whl", hash = "sha256:b5e6f89631eb88a7302d416594a32faeee9fb8fb848290da9d0a5f2903519fc1"},
    {file = "black-26.3.1-cp312-cp312-macosx_11_0_arm64.whl", hash = "sha256:41cd2012d35b47d589cb8a16faf8a32ef7a336f56356babd9fcf70939ad1897f"},
    {file = "black-26.3.1-cp312-cp312-manylinux2014_x86_64.manylinux_2_17_x86_64.manylinux_2_28_x86_64.whl", hash = "sha256:0f76ff19ec5297dd8e66eb64deda23631e642c9393ab592826fd4bdc97a4bce7"},
    {file = "black-26.3.1-cp312-cp312-win_amd64.whl", hash = "sha256:ddb113db38838eb9f043623ba274cfaf7d51d5b0c22ecb30afe58b1bb8322983"},
    {file = "black-26.3.1-cp312-cp312-win_arm64.whl", hash = "sha256:dfdd51fc3e64ea4f35873d1b3fb25326773d55d2329ff8449139ebaad7357efb"},
    {file = "black-26.3.1-cp313-cp313-macosx_10_13_x86_64.whl", hash = "sha256:855822d90f884905362f602880ed8b5df1b7e3ee7d0db2502d4388a954cc8c54"},
    {file = "black-26.3.1-cp313-cp313-macosx_11_0_arm64.whl", hash = "sha256:8a33d657f3276328ce00e4d37fe70361e1ec7614da5d7b6e78de5426cb56332f"},
    {file = "black-26.3.1-cp313-cp313-manylinux2014_x86_64.manylinux_2_17_x86_64.manylinux_2_28_x86_64.whl", hash = "sha256:f1cd08e99d2f9317292a311dfe578fd2a24b15dbce97792f9c4d752275c1fa56"},
    {file = "black-26.3.1-cp313-cp313-win_amd64.whl", hash = "sha256:c7e72339f841b5a237ff14f7d3880ddd0fc7f98a1199e8c4327f9a4f478c1839"},
    {file = "black-26.3.1-cp313-cp313-win_arm64.whl", hash = "sha256:afc622538b430aa4c8c853f7f63bc582b3b8030fd8c80b70fb5fa5b834e575c2"},
    {file = "black-26.3.1-cp314-cp314-macosx_10_15_x86_64.whl", hash = "sha256:2d6bfaf7fd0993b420bed691f20f9492d53ce9a2bcccea4b797d34e947318a78"},
    {file = "black-26.3.1-cp314-cp314-macosx_11_0_arm64.whl", hash = "sha256:f89f2ab047c76a9c03f78d0d66ca519e389519902fa27e7a91117ef7611c0568"},
    {file = "black-26.3.1-cp314-cp314-manylinux2014_x86_64.manylinux_2_17_x86_64.manylinux_2_28_x86_64.whl", hash = "sha256:b07fc0dab849d24a80a29cfab8d8a19187d1c4685d8a5e6385a5ce323c1f015f"},
    {file = "black-26.3.1-cp314-cp314-win_amd64.whl", hash = "sha256:0126ae5b7c09957da2bdbd91a9ba1207453feada9e9fe51992848658c6c8e01c"},
    {file = "black-26.3.1-cp314-cp314-win_arm64.whl", hash = "sha256:92c0ec1f2cc149551a2b7b47efc32c866406b6891b0ee4625e95967c8f4acfb1"},
    {file = "black-26.3.1-py3-none-any.whl", hash = "sha256:2bd5aa94fc267d38bb21a70d7410a89f1a1d318841855f698746f8e7f51acd1b"},
    {file = "black-26.3.1.tar.gz", hash = "sha256:2c50f5063a9641c7eed7795014ba37b0f5fa227f3d408b968936e24bc0566b07"},
]

[package.dependencies]
click = ">=8.0.0"
mypy-extensions = ">=0.4.3"
packaging = ">=22.0"
pathspec = ">=1.0.0"
platformdirs = ">=2"
pytokens = ">=0.4.0,<0.5.0"

[package.extras]
colorama = ["colorama (>=0.4.3)"]
d = ["aiohttp (>=3.10)"]
jupyter = ["ipython (>=7.8.0)", "tokenize-rt (>=3.2.0)"]
uvloop = ["uvloop (>=0.15.2) ; sys_platform != \"win32\"", "winloop (>=0.5.0) ; sys_platform == \"win32\""]

[[package]]
name = "certifi"
version = "2024.8.30"
description = "Python package for providing Mozilla's CA Bundle."
optional = false
python-versions = ">=3.6"
groups = ["main"]
files = [
    {file = "certifi-2024.8.30-py3-none-any.whl", hash = "sha256:922820b53db7a7257ffbda3f597266d435245903d80737e34f8a45ff3e3230d8"},
    {file = "certifi-2024.8.30.tar.gz", hash = "sha256:bec941d2aa8195e248a60b31ff9f0558284cf01a52591ceda73ea9afffd69fd9"},
]

[[package]]
name = "click"
version = "8.1.7"
description = "Composable command line interface toolkit"
optional = false
python-versions = ">=3.7"
groups = ["dev"]
files = [
    {file = "click-8.1.7-py3-none-any.whl", hash = "sha256:ae74fb96c20a0277a1d615f1e4d73c8414f5a98db8b799a7931d1582f3390c28"},
    {file = "click-8.1.7.tar.gz", hash = "sha256:ca9853ad459e787e2192211578cc907e7594e294c7ccc834310722b41b9ca6de"},
]

[package.dependencies]
colorama = {version = "*", markers = "platform_system == \"Windows\""}

[[package]]
name = "colorama"
version = "0.4.6"
description = "Cross-platform colored terminal text."
optional = false
python-versions = "!=3.0.*,!=3.1.*,!=3.2.*,!=3.3.*,!=3.4.*,!=3.5.*,!=3.6.*,>=2.7"
groups = ["dev"]
markers = "platform_system == \"Windows\" or sys_platform == \"win32\""
files = [
    {file = "colorama-0.4.6-py2.py3-none-any.whl", hash = "sha256:4f1d9991f5acc0ca119f9d443620b77f9d6b33703e51011c16baf57afb285fc6"},
    {file = "colorama-0.4.6.tar.gz", hash = "sha256:08695f5cb7ed6e0531a20572697297273c47b8cae5a63ffc6d6ed5c201be6e44"},
]

[[package]]
name = "h11"
version = "0.14.0"
description = "A pure-Python, bring-your-own-I/O implementation of HTTP/1.1"
optional = false
python-versions = ">=3.7"
groups = ["main"]
files = [
    {file = "h11-0.14.0-py3-none-any.whl", hash = "sha256:e3fe4ac4b851c468cc8363d500db52c2ead036020723024a109d37346efaa761"},
    {file = "h11-0.14.0.tar.gz", hash = "sha256:8f19fbbe99e72420ff35c00b27a34cb9937e902a8b810e2c88300c6f0a3b699d"},
]

[[package]]
name = "httpcore"
version = "0.16.3"
description = "A minimal low-level HTTP client."
optional = false
python-versions = ">=3.7"
groups = ["main"]
files = [
    {file = "httpcore-0.16.3-py3-none-any.whl", hash = "sha256:da1fb708784a938aa084bde4feb8317056c55037247c787bd7e19eb2c2949dc0"},
    {file = "httpcore-0.16.3.tar.gz", hash = "sha256:c5d6f04e2fc530f39e0c077e6a30caa53f1451096120f1f38b954afd0b17c0cb"},
]

[package.dependencies]
anyio = ">=3.0,<5.0"
certifi = "*"
h11 = ">=0.13,<0.15"
sniffio = "==1.*"

[package.extras]
http2 = ["h2 (>=3,<5)"]
socks = ["socksio (==1.*)"]

[[package]]
name = "httpx"
version = "0.23.3"
description = "The next generation HTTP client."
optional = false
python-versions = ">=3.7"
groups = ["main"]
files = [
    {file = "httpx-0.23.3-py3-none-any.whl", hash = "sha256:a211fcce9b1254ea24f0cd6af9869b3d29aba40154e947d2a07bb499b3e310d6"},
    {file = "httpx-0.23.3.tar.gz", hash = "sha256:9818458eb565bb54898ccb9b8b251a28785dd4a55afbc23d0eb410754fe7d0f9"},
]

[package.dependencies]
certifi = "*"
httpcore = ">=0.15.0,<0.17.0"
rfc3986 = {version = ">=1.3,<2", extras = ["idna2008"]}
sniffio = "*"

[package.extras]
brotli = ["brotli ; platform_python_implementation == \"CPython\"", "brotlicffi ; platform_python_implementation != \"CPython\""]
cli = ["click (==8.*)", "pygments (==2.*)", "rich (>=10,<13)"]
http2 = ["h2 (>=3,<5)"]
socks = ["socksio (==1.*)"]

[[package]]
name = "idna"
version = "3.10"
description = "Internationalized Domain Names in Applications (IDNA)"
optional = false
python-versions = ">=3.6"
groups = ["main"]
files = [
    {file = "idna-3.10-py3-none-any.whl", hash = "sha256:946d195a0d259cbba61165e88e65941f16e9b36ea6ddb97f00452bae8b1287d3"},
    {file = "idna-3.10.tar.gz", hash = "sha256:12f65c9b470abda6dc35cf8e63cc574b1c52b11df2c86030af0ac09b01b13ea9"},
]

[package.extras]
all = ["flake8 (>=7.1.1)", "mypy (>=1.11.2)", "pytest (>=8.3.2)", "ruff (>=0.6.2)"]

[[package]]
name = "iniconfig"
version = "2.0.0"
description = "brain-dead simple config-ini parsing"
optional = false
python-versions = ">=3.7"
groups = ["dev"]
files = [
    {file = "iniconfig-2.0.0-py3-none-any.whl", hash = "sha256:b6a85871a79d2e3b22d2d1b94ac2824226a63c6b741c88f7ae975f18b6778374"},
    {file = "iniconfig-2.0.0.tar.gz", hash = "sha256:2d91e135bf72d31a410b17c16da610a82cb55f6b0477d1a902134b24a455b8b3"},
]

[[package]]
name = "mypy-extensions"
version = "1.0.0"
description = "Type system extensions for programs checked with the mypy type checker."
optional = false
python-versions = ">=3.5"
groups = ["dev"]
files = [
    {file = "mypy_extensions-1.0.0-py3-none-any.whl", hash = "sha256:4392f6c0eb8a5668a69e23d168ffa70f0be9ccfd32b5cc2d26a34ae5b844552d"},
    {file = "mypy_extensions-1.0.0.tar.gz", hash = "sha256:75dbf8955dc00442a438fc4d0666508a9a97b6bd41aa2f0ffe9d2f2725af0782"},
]

[[package]]
name = "nodeenv"
version = "1.9.1"
description = "Node.js virtual environment builder"
optional = false
python-versions = "!=3.0.*,!=3.1.*,!=3.2.*,!=3.3.*,!=3.4.*,!=3.5.*,!=3.6.*,>=2.7"
groups = ["dev"]
files = [
    {file = "nodeenv-1.9.1-py2.py3-none-any.whl", hash = "sha256:ba11c9782d29c27c70ffbdda2d7415098754709be8a7056d79a737cd901155c9"},
    {file = "nodeenv-1.9.1.tar.gz", hash = "sha256:6ec12890a2dab7946721edbfbcd91f3319c6ccc9aec47be7c7e6b7011ee6645f"},
]

[[package]]
name = "packaging"
version = "24.2"
description = "Core utilities for Python packages"
optional = false
python-versions = ">=3.8"
groups = ["dev"]
files = [
    {file = "packaging-24.2-py3-none-any.whl", hash = "sha256:09abb1bccd265c01f4a3aa3f7a7db064b36514d2cba19a2f694fe6150451a759"},
    {file = "packaging-24.2.tar.gz", hash = "sha256:c228a6dc5e932d346bc5739379109d49e8853dd8223571c7c5b55260edc0b97f"},
]

[[package]]
name = "pathspec"
version = "1.0.4"
description = "Utility library for gitignore style pattern matching of file paths."
optional = false
python-versions = ">=3.9"
groups = ["dev"]
files = [
    {file = "pathspec-1.0.4-py3-none-any.whl", hash = "sha256:fb6ae2fd4e7c921a165808a552060e722767cfa526f99ca5156ed2ce45a5c723"},
    {file = "pathspec-1.0.4.tar.gz", hash = "sha256:0210e2ae8a21a9137c0d470578cb0e595af87edaa6ebf12ff176f14a02e0e645"},
]

[package.extras]
hyperscan = ["hyperscan (>=0.7)"]
optional = ["typing-extensions (>=4)"]
re2 = ["google-re2 (>=1.1)"]
tests = ["pytest (>=9)", "typing-extensions (>=4.15)"]

[[package]]
name = "platformdirs"
version = "4.3.6"
description = "A small Python package for determining appropriate platform-specific dirs, e.g. a `user data dir`."
optional = false
python-versions = ">=3.8"
groups = ["dev"]
files = [
    {file = "platformdirs-4.3.6-py3-none-any.whl", hash = "sha256:73e575e1408ab8103900836b97580d5307456908a03e92031bab39e4554cc3fb"},
    {file = "platformdirs-4.3.6.tar.gz", hash = "sha256:357fb2acbc885b0419afd3ce3ed34564c13c9b95c89360cd9563f73aa5e2b907"},
]

[package.extras]
docs = ["furo (>=2024.8.6)", "proselint (>=0.14)", "sphinx (>=8.0.2)", "sphinx-autodoc-typehints (>=2.4)"]
test = ["appdirs (==1.4.4)", "covdefaults (>=2.3)", "pytest (>=8.3.2)", "pytest-cov (>=5)", "pytest-mock (>=3.14)"]
type = ["mypy (>=1.11.2)"]

[[package]]
name = "pluggy"
version = "1.5.0"
description = "plugin and hook calling mechanisms for python"
optional = false
python-versions = ">=3.8"
groups = ["dev"]
files = [
    {file = "pluggy-1.5.0-py3-none-any.whl", hash = "sha256:44e1ad92c8ca002de6377e165f3e0f1be63266ab4d554740532335b9d75ea669"},
    {file = "pluggy-1.5.0.tar.gz", hash = "sha256:2cffa88e94fdc978c4c574f15f9e59b7f4201d439195c3715ca9e2486f1d0cf1"},
]

[package.extras]
dev = ["pre-commit", "tox"]
testing = ["pytest", "pytest-benchmark"]

[[package]]
name = "pygments"
version = "2.19.2"
description = "Pygments is a syntax highlighting package written in Python."
optional = false
python-versions = ">=3.8"
groups = ["dev"]
files = [
    {file = "pygments-2.19.2-py3-none-any.whl", hash = "sha256:86540386c03d588bb81d44bc3928634ff26449851e99741617ecb9037ee5ec0b"},
    {file = "pygments-2.19.2.tar.gz", hash = "sha256:636cb2477cec7f8952536970bc533bc43743542f70392ae026374600add5b887"},
]

[package.extras]
windows-terminal = ["colorama (>=0.4.6)"]

[[package]]
name = "pyright"
version = "1.1.408"
description = "Command line wrapper for pyright"
optional = false
python-versions = ">=3.7"
groups = ["dev"]
files = [
    {file = "pyright-1.1.408-py3-none-any.whl", hash = "sha256:090b32865f4fdb1e0e6cd82bf5618480d48eecd2eb2e70f960982a3d9a4c17c1"},
    {file = "pyright-1.1.408.tar.gz", hash = "sha256:f28f2321f96852fa50b5829ea492f6adb0e6954568d1caa3f3af3a5f555eb684"},
]

[package.dependencies]
nodeenv = ">=1.6.0"
typing-extensions = ">=4.1"

[package.extras]
all = ["nodejs-wheel-binaries", "twine (>=3.4.1)"]
dev = ["twine (>=3.4.1)"]
nodejs = ["nodejs-wheel-binaries"]

[[package]]
name = "pytest"
version = "9.0.2"
description = "pytest: simple powerful testing with Python"
optional = false
python-versions = ">=3.10"
groups = ["dev"]
files = [
    {file = "pytest-9.0.2-py3-none-any.whl", hash = "sha256:711ffd45bf766d5264d487b917733b453d917afd2b0ad65223959f59089f875b"},
    {file = "pytest-9.0.2.tar.gz", hash = "sha256:75186651a92bd89611d1d9fc20f0b4345fd827c41ccd5c299a868a05d70edf11"},
]

[package.dependencies]
colorama = {version = ">=0.4", markers = "sys_platform == \"win32\""}
iniconfig = ">=1.0.1"
packaging = ">=22"
pluggy = ">=1.5,<2"
pygments = ">=2.7.2"

[package.extras]
dev = ["argcomplete", "attrs (>=19.2)", "hypothesis (>=3.56)", "mock", "requests", "setuptools", "xmlschema"]

[[package]]
name = "python-calamine"
version = "0.6.2"
description = "Python binding for Rust's library for reading excel and odf file - calamine"
optional = false
python-versions = ">=3.10"
groups = ["main"]
files = [
    {file = "python_calamine-0.6.2-cp310-cp310-macosx_10_12_x86_64.whl", hash = "sha256:4eecdff86896e974ba12c37abb5497c61c1e32b5cb94999c5fb24509bf5aa338"},
    {file = "python_calamine-0.6.2-cp310-cp310-macosx_11_0_arm64.whl", hash = "sha256:14fdeb66e7d00eb06ed66f6a2db53accaa9c5237479843b0c96c15f6cdb89bcf"},
    {file = "python_calamine-0.6.2-cp310-cp310-manylinux_2_17_aarch64.manylinux2014_aarch64.whl", hash = "sha256:c6615ad69c29fa447d4b44c51c21e073c6bf08f4d7c9b85db4b7afdff03ba408"},
    {file = "python_calamine-0.6.2-cp310-cp310-manylinux_2_17_armv7l.manylinux2014_armv7l.whl", hash = "sha256:3110bcc26bc5b61f4f61e82f5cbeab7c4a046d1805af1effff1e277a004ba038"},
    {file = "python_calamine-0.6.2-cp310-cp310-manylinux_2_17_ppc64le.manylinux2014_ppc64le.whl", hash = "sha256:18f7aa4c0358bf2cc17b48c918e360211ff3398ff164433532cc33c7a810a29a"},
    {file = "python_calamine-0.6.2-cp310-cp310-manylinux_2_17_s390x.manylinux2014_s390x.whl", hash = "sha256:8bb6b42c5c99ad2e527ad00014811865332ac8798e5af4f6252d4ecd1862a853"},
    {file = "python_calamine-0.6.2-cp310-cp310-manylinux_2_17_x86_64.manylinux2014_x86_64.whl", hash = "sha256:ba6b14aad3d8455bb7ef5ea0cd1216e20ef94bfdd34f1d96a65cf932c20b45b6"},
    {file = "python_calamine-0.6.2-cp310-cp310-manylinux_2_5_i686.manylinux1_i686.whl", hash = "sha256:49df78181e2a706c066211fb785eeed50608bfb0d6a7c5d953fd0749f841f430"},
    {file = "python_calamine-0.6.2-cp310-cp310-musllinux_1_1_aarch64.whl", hash = "sha256:2d46b08efe555f7cf3b6821e7799dbaa0cb9f1e7664cd1ba45843000ba8f4857"},
    {file = "python_calamine-0.6.2-cp310-cp310-musllinux_1_1_armv7l.whl", hash = "sha256:15a6494c04f72bb1e49d25d268f8b1c383d699f14d093f8fbfa262ab7aaaef63"},
    {file = "python_calamine-0.6.2-cp310-cp310-musllinux_1_1_x86_64.whl", hash = "sha256:0d39413ad470bd04054fa25dc1bb8c24d08a4e6641e7cb96fb26c7e30c8b190d"},
    {file = "python_calamine-0.6.2-cp310-cp310-win32.whl", hash = "sha256:70f275d2e63004a37ca68f4c210022b1ac3d51d131af037e690a9e2870f2b331"},
    {file = "python_calamine-0.6.2-cp310-cp310-win_amd64.whl", hash = "sha256:8bf00a752dd0f14ee7483fccb5894cbb465146f16ab7abffe5f495922fab295b"},
    {file = "python_calamine-0.6.2-cp311-cp311-macosx_10_12_x86_64.whl", hash = "sha256:626a9b342d3df5596e8a4c7410ad65d05447e77f915ef14cb0a9dd90f2d42608"},
    {file = "python_calamine-0.6.2-cp311-cp311-macosx_11_0_arm64.whl", hash = "sha256:65f427b50e659b3752b6a088bd703f1c4161e491b6745d849fe8cc997adbe296"},
    {file = "python_calamine-0.6.2-cp311-cp311-manylinux_2_17_aarch64.manylinux2014_aarch64.whl", hash = "sha256:316e41a9bc1fc0ee6c3e01f1e252112fae7cc3eba698870f11e0ef5d63d37b7c"},
    {file = "python_calamine-0.6.2-cp311-cp311-manylinux_2_17_armv7l.manylinux2014_armv7l.whl", hash = "sha256:a9c0fa9138f2c3e9aff604744c78e8558c88f5e57ad5da23a3b6472d01b13696"},
    {file = "python_calamine-0.6.2-cp311-cp311-manylinux_2_17_ppc64le.manylinux2014_ppc64le.whl", hash = "sha256:fc42307129e59e48993ca974cf0d5402464690a15c87e5e5e879eb4a4d8ea362"},
    {file = "python_calamine-0.6.2-cp311-cp311-manylinux_2_17_s390x.manylinux2014_s390x.whl", hash = "sha256:aff0652a0d87d68de25c628338fb5c06e07f9d28d7120c5987e094282acf6d7a"},
    {file = "python_calamine-0.6.2-cp311-cp311-manylinux_2_17_x86_64.manylinux2014_x86_64.whl", hash = "sha256:7a170adfa3abb4724884617d12664c8518cd9eccb03522838553a06e353ed698"},
    {file = "python_calamine-0.6.2-cp311-cp311-manylinux_2_5_i686.manylinux1_i686.whl", hash = "sha256:ee3f210e84eca9d8337cf0ea2f02757b2e0d123a07ecb43186dc5fd63c5c9d0b"},
    {file = "python_calamine-0.6.2-cp311-cp311-musllinux_1_1_aarch64.whl", hash = "sha256:20e0c2f28688786ea713f48dcc54a6877432da4ed277ae886a10a5ed802fcad6"},
    {file = "python_calamine-0.6.2-cp311-cp311-musllinux_1_1_armv7l.whl", hash = "sha256:c743582bef238ea98176e47dffd9027d096df2bff5c4ad8bfad03920921aa021"},
    {file = "python_calamine-0.6.2-cp311-cp311-musllinux_1_1_x86_64.whl", hash = "sha256:8ddd518c62cb14e4ec5c81f8f389fd021d9a2ed6a5ab9348fbafb810c57f7717"},
    {file = "python_calamine-0.6.2-cp311-cp311-win32.whl", hash = "sha256:14f4fdb50ac7bcfe59b415bae865cdc958edff6a9adf85735dab4f7fa9f153f3"},
    {file = "python_calamine-0.6.2-cp311-cp311-win_amd64.whl", hash = "sha256:ec90a5d8358c0139bbcbf7f3a61d44baf41846a54367d4b34d5329102c4d4f59"},
    {file = "python_calamine-0.6.2-cp311-cp311-win_arm64.whl", hash = "sha256:a6112601f889e951333ff79ab0b6aa814a18df247d861db58d4272ad7be263d5"},
    {file = "python_calamine-0.6.2-cp312-cp312-macosx_10_12_x86_64.whl", hash = "sha256:857e4cddadba9b55c76dc583c58c5dc101a6cd5320190c10f8b2ab98d66c9040"},
    {file = "python_calamine-0.6.2-cp312-cp312-macosx_11_0_arm64.whl", hash = "sha256:cd89d6a53e4b22328cd685fc054c31d359cb3ae67bd24bc57e1c1db62a4cfc97"},
    {file = "python_calamine-0.6.2-cp312-cp312-manylinux_2_17_aarch64.manylinux2014_aarch64.whl", hash = "sha256:4d6c9af39db39e0c70710ae79cd1b5d980f9c0aea55fc16d194460c1561a0c6a"},
    {file = "python_calamine-0.6.2-cp312-cp312-manylinux_2_17_armv7l.manylinux2014_armv7l.whl", hash = "sha256:9a2382dbc410dd48c99d89ee460662cc70892fe1b2901ab982604b923e8eb8f6"},
    {file = "python_calamine-0.6.2-cp312-cp312-manylinux_2_17_ppc64le.manylinux2014_ppc64le.whl", hash = "sha256:3ebb93255709874ede5b5e62828cb5758e60097e5390b6c9a3eb7751b617b12e"},
    {file = "python_calamine-0.6.2-cp312-cp312-manylinux_2_17_s390x.manylinux2014_s390x.whl", hash = "sha256:837bca19bd945cb83aded433f4cf76e80d70a5400404d876400ca7e88e5ea311"},
    {file = "python_calamine-0.6.2-cp312-cp312-manylinux_2_17_x86_64.manylinux2014_x86_64.whl", hash = "sha256:723990a47668cb819f307ccc634741370d3cd3804a0ee8cda392a522ae6d5016"},
    {file = "python_calamine-0.6.2-cp312-cp312-manylinux_2_5_i686.manylinux1_i686.whl", hash = "sha256:b067630d693e1d7de41e3d44a99c7dd3feebb52db8dda8636ac3f70d8b6a4ad6"},
    {file = "python_calamine-0.6.2-cp312-cp312-musllinux_1_1_aarch64.whl", hash = "sha256:6ab09c9da53a2b33633e9f940aed11c08e083810a0fd6885826cdc52ba4f86a5"},
    {file = "python_calamine-0.6.2-cp312-cp312-musllinux_1_1_armv7l.whl", hash = "sha256:ae08e1308a0d0c6b8b4cc0a039ed8a85fc9ee2f8a3ca9ea57b1af9f97ed68fe4"},
    {file = "python_calamine-0.6.2-cp312-cp312-musllinux_1_1_x86_64.whl", hash = "sha256:c441a20c7aff0e904ca01b5cdc1e5be2c6d4a41a24a0ea4d5ea6d211343bb95f"},
    {file = "python_calamine-0.6.2-cp312-cp312-win32.whl", hash = "sha256:39cae8e66f8bce499f5f965f4575ddf61e30184cc97f02e1c7031a57abe0903b"},
    {file = "python_calamine-0.6.2-cp312-cp312-win_amd64.whl", hash = "sha256:1617efa24532f2420934a8cf77e6d33ff1740cae1d39355cab4f4cf141fdab49"},
    {file = "python_calamine-0.6.2-cp312-cp312-win_arm64.whl", hash = "sha256:c2b378db494740e540e8157a7e5fe61dadae69ad2d988a7c80f9583f434acf07"},
    {file = "python_calamine-0.6.2-cp313-cp313-macosx_10_12_x86_64.whl", hash = "sha256:4c6e68c233841604fa3f63899d13bd2e47cddf0787c4b4b8188f74c3be452045"},
    {file = "python_calamine-0.6.2-cp313-cp313-macosx_11_0_arm64.whl", hash = "sha256:0fd5bcbd904d05f8b9f127a93706fdbb0a5934efdc9677b402a82d91e6e3f920"},
    {file = "python_calamine-0.6.2-cp313-cp313-manylinux_2_17_aarch64.manylinux2014_aarch64.whl", hash = "sha256:cef6454aa1b3b2137d7a202c9f84b87dffdd187ff218f2cee459480c102c20a3"},
    {file = "python_calamine-0.6.2-cp313-cp313-manylinux_2_17_armv7l.manylinux2014_armv7l.whl", hash = "sha256:19c55c35edaf89b4d18d5d3cfaac619362f2e8339e4c876f9f0c80640d990db3"},
    {file = "python_calamine-0.6.2-cp313-cp313-manylinux_2_17_ppc64le.manylinux2014_ppc64le.whl", hash = "sha256:d29984496a22286f511668ea6483293c0e58ac0f25916e1d88125e5e1d83313b"},
    {file = "python_calamine-0.6.2-cp313-cp313-manylinux_2_17_s390x.manylinux2014_s390x.whl", hash = "sha256:3b0c4deabc2646c6c07abb3620088c5d6d2af26f8954726938ebcdbc6c56a8bd"},
    {file = "python_calamine-0.6.2-cp313-cp313-manylinux_2_17_x86_64.manylinux2014_x86_64.whl", hash = "sha256:fc536feb86c948b330c4db8a9f1d9f9094f8d70a981d04de87ece9d9b9300458"},
    {file = "python_calamine-0.6.2-cp313-cp313-manylinux_2_5_i686.manylinux1_i686.whl", hash = "sha256:7c0f9e769c735cfb0564aefb4273c6dfeee9fbab1db69b9099cb19cfb8208ddf"},
    {file = "python_calamine-0.6.2-cp313-cp313-musllinux_1_1_aarch64.whl", hash = "sha256:e3824c211eb9505461a9820ed893cf6e39a3af8024fd1892d2cc174ce8329955"},
    {file = "python_calamine-0.6.2-cp313-cp313-musllinux_1_1_armv7l.whl", hash = "sha256:8323edededa282cace538805cfa7cab30ad9dd19bca4a23215ea975c73ce9f26"},
    {file = "python_calamine-0.6.2-cp313-cp313-musllinux_1_1_x86_64.whl", hash = "sha256:f64b93e41dd878a317f958fbf9bfa64342ef9aea58956a93a52d4b9d646a6ef4"},
    {file = "python_calamine-0.6.2-cp313-cp313-win32.whl", hash = "sha256:91fbfa837aaa6f7fc72e9277678aa0c95b0c3c7df76c7c7bac4ab4a128834a70"},
    {file = "python_calamine-0.6.2-cp313-cp313-win_amd64.whl", hash = "sha256:0b2464e036819ecce50181220e120d674b1caac806a31e48eed2e2183acf9a69"},
    {file = "python_calamine-0.6.2-cp313-cp313-win_arm64.whl", hash = "sha256:64b1ce2bd452a9d2ae00a97e2629e3444b9669ce348e1f534f3a91f55694de15"},
    {file = "python_calamine-0.6.2-cp313-cp313t-macosx_10_12_x86_64.whl", hash = "sha256:050f0b830fcdf209826e98849432fb6ee1328895949bf7c63632fd34130cef8d"},
    {file = "python_calamine-0.6.2-cp313-cp313t-macosx_11_0_arm64.whl", hash = "sha256:f3636e14736cd2ab2377418aeb2ef8c17d1ce7e19bbbe52e445027cf43a2a745"},
    {file = "python_calamine-0.6.2-cp313-cp313t-manylinux_2_17_aarch64.manylinux2014_aarch64.whl", hash = "sha256:f86a51485f93264679eb449dc93dc498553f449322c81936eac47ace45365e89"},
    {file = "python_calamine-0.6.2-cp313-cp313t-manylinux_2_17_armv7l.manylinux2014_armv7l.whl", hash = "sha256:b44fbdd11ac44dc5eecf49c1597e7234633cbc9f38c73521ce00278cf0bd8976"},
    {file = "python_calamine-0.6.2-cp313-cp313t-manylinux_2_17_ppc64le.manylinux2014_ppc64le.whl", hash = "sha256:a0d5fd48c92ae04bf8ef1f326d7ec23295545d171f4b810dc8fa08f28932900f"},
    {file = "python_calamine-0.6.2-cp313-cp313t-manylinux_2_17_s390x.manylinux2014_s390x.whl", hash = "sha256:19363504d08c5c2c7aca188a5c4ded89a47cbba1cbc9a083cd230839f977c5a8"},
    {file = "python_calamine-0.6.2-cp313-cp313t-manylinux_2_17_x86_64.manylinux2014_x86_64.whl", hash = "sha256:72078b550a871249c07b71fe5b94fbd30857604ff99380304d273d84a8bcd7c8"},
    {file = "python_calamine-0.6.2-cp313-cp313t-manylinux_2_5_i686.manylinux1_i686.whl", hash = "sha256:e18e524ef1532f8269739b63ca9c6ab7dbd75e9dff20ca7e2e2d8d13c59964b2"},
    {file = "python_calamine-0.6.2-cp313-cp313t-musllinux_1_1_aarch64.whl", hash = "sha256:b665c55d5d03b5cc205e4b68c711712cff8aac273f2aa930ab8ab5960b9dc90f"},
    {file = "python_calamine-0.6.2-cp313-cp313t-musllinux_1_1_armv7l.whl", hash = "sha256:dc21843a6fca8ae5a722e66bde14324da4f43be98b772b0689ac75dd89d888fd"},
    {file = "python_calamine-0.6.2-cp313-cp313t-musllinux_1_1_x86_64.whl", hash = "sha256:e16192fbbb3a3009c89aa62530d807bca272e68a67b362da5c9d156a8950cd51"},
    {file = "python_calamine-0.6.2-cp313-cp313t-win_amd64.whl", hash = "sha256:a94a560c0b7ec791f6edfb3fede6ade35b048a61be80e584de8411bf930a8902"},
    {file = "python_calamine-0.6.2-cp313-cp313t-win_arm64.whl", hash = "sha256:2574072b9e26aeae26ebd051a1661bb72fd202ce2904f920f9c605de9555c057"},
    {file = "python_calamine-0.6.2-cp314-cp314-macosx_10_12_x86_64.whl", hash = "sha256:630d32f10b16bafbca86fb9373e7a4eccbd0268bc9e80dac923b731a8e472704"},
    {file = "python_calamine-0.6.2-cp314-cp314-macosx_11_0_arm64.whl", hash = "sha256:39de4d8c1f9db34d02a2d9b7eaad55cdd013b5881cf0a5ab281e2167d090b22e"},
    {file = "python_calamine-0.6.2-cp314-cp314-manylinux_2_17_aarch64.manylinux2014_aarch64.whl", hash = "sha256:36148e9c5022494fd6a2c111fb51d24e6e39cbf3027a3ddedad44545598609ca"},
    {file = "python_calamine-0.6.2-cp314-cp314-manylinux_2_17_armv7l.manylinux2014_armv7l.whl", hash = "sha256:2526bddc75829b4376a515cad83afeab4019bbe5b770a892852de66b0017527b"},
    {file = "python_calamine-0.6.2-cp314-cp314-manylinux_2_17_ppc64le.manylinux2014_ppc64le.whl", hash = "sha256:711a664b8cf1e4f6c55fbd5e15e70fc5792e382e3866416044c23b0d3ffdd055"},
    {file = "python_calamine-0.6.2-cp314-cp314-manylinux_2_17_s390x.manylinux2014_s390x.whl", hash = "sha256:8d449b6130f1469810ebe9f423f9efecaabc60e110db7a5a56d0f098ea78b22f"},
    {file = "python_calamine-0.6.2-cp314-cp314-manylinux_2_17_x86_64.manylinux2014_x86_64.whl", hash = "sha256:8f3841986cf512893e8871555ef586387e5e36484cebd0d9398046c3bde1e13c"},
    {file = "python_calamine-0.6.2-cp314-cp314-manylinux_2_5_i686.manylinux1_i686.whl", hash = "sha256:7a8f437273c8dee9d9ae89cc766b6c313a1a99155b74a1a6560a01b82db89b51"},
    {file = "python_calamine-0.6.2-cp314-cp314-musllinux_1_1_aarch64.whl", hash = "sha256:6a2dfcfbf1907f37e6a13e2dffff409f79cff911e44e1ce7deb65510b8bbb0de"},
    {file = "python_calamine-0.6.2-cp314-cp314-musllinux_1_1_armv7l.whl", hash = "sha256:0c4a6131835f28897cdf36942067220e2c8c6c23f4b7747a094dca6748190c12"},
    {file = "python_calamine-0.6.2-cp314-cp314-musllinux_1_1_x86_64.whl", hash = "sha256:e8f50885c5042fb3bdd9ad820e4b871e6a1758e15957964acf0515b5d0fb3984"},
    {file = "python_calamine-0.6.2-cp314-cp314-win32.whl", hash = "sha256:d4b6fe3564596b1a85fdb7dea60ae7dda2bd56898e88128e0306ebfca29d3659"},
    {file = "python_calamine-0.6.2-cp314-cp314-win_amd64.whl", hash = "sha256:39a6703c80e71c9df2eefa4b9aedd994c27d6ae1fda07a48ee3306414d76d39b"},
    {file = "python_calamine-0.6.2-cp314-cp314-win_arm64.whl", hash = "sha256:cedae91678a016690775a815c7dc66288b3f0968451bf2161689846b5b330b84"},
    {file = "python_calamine-0.6.2-cp314-cp314t-macosx_10_12_x86_64.whl", hash = "sha256:5c3ca40133330cccdafb7326c39f7dd60247ad1995d9b92fdcd5052853fc31e5"},
    {file = "python_calamine-0.6.2-cp314-cp314t-macosx_11_0_arm64.whl", hash = "sha256:5599d12fa06ad42694255fecb1de48f6eb2d074fa55b2f532a93158ae1cc3958"},
    {file = "python_calamine-0.6.2-cp314-cp314t-manylinux_2_17_aarch64.manylinux2014_aarch64.whl", hash = "sha256:fb50c1f6303650d5712a707c8c13842eeebcd433bd660dcdaebc8aedd9085d37"},
    {file = "python_calamine-0.6.2-cp314-cp314t-manylinux_2_17_armv7l.manylinux2014_armv7l.whl", hash = "sha256:42f1b3172fc2c916990a9749c30f5c2aad5351a807c6597febf7b5b9444eaf4d"},
    {file = "python_calamine-0.6.2-cp314-cp314t-manylinux_2_17_ppc64le.manylinux2014_ppc64le.whl", hash = "sha256:5f3bb6370d855c9035e8727e6d8685775d411e5f5a3b114e0048bacd2efc2dc5"},
    {file = "python_calamine-0.6.2-cp314-cp314t-manylinux_2_17_s390x.manylinux2014_s390x.whl", hash = "sha256:8d790fa2065c3c5d07de27ead53486b6afa64b935036444e5593c670baaf7394"},
    {file = "python_calamine-0.6.2-cp314-cp314t-manylinux_2_17_x86_64.manylinux2014_x86_64.whl", hash = "sha256:ba4ac4bc59fb16e76d57bbbb2b5567e9d78f99e0b7d6cf27b1fc968dddad9e52"},
    {file = "python_calamine-0.6.2-cp314-cp314t-manylinux_2_5_i686.manylinux1_i686.whl", hash = "sha256:16750f933fd68d6796c24390d5379abe02cc592b8cb5c2c715d09885a4e4db78"},
    {file = "python_calamine-0.6.2-cp314-cp314t-musllinux_1_1_aarch64.whl", hash = "sha256:0c3a65ee5e1bbed8d32225882b6fae147c187a5019b895bd1a9631fb1e8ebd1b"},
    {file = "python_calamine-0.6.2-cp314-cp314t-musllinux_1_1_armv7l.whl", hash = "sha256:80f54662715b25078e90794d792df6ef45154f1affea472c9e802c5d3dda5a9e"},
    {file = "python_calamine-0.6.2-cp314-cp314t-musllinux_1_1_x86_64.whl", hash = "sha256:7568800d967b7b7b56d1a139d8d6c343b70d88695c8f3c3906aaa1b8bff76900"},
    {file = "python_calamine-0.6.2-cp314-cp314t-win_amd64.whl", hash = "sha256:aab8ef96f19feb5df3704dc04805b1e0d6e82827546bea92d660344c674ed9e1"},
    {file = "python_calamine-0.6.2-cp314-cp314t-win_arm64.whl", hash = "sha256:514b3b0ccba57cf807bd4869a76020eb53e2d797f35c95fceb274a5208da1651"},
    {file = "python_calamine-0.6.2-pp311-pypy311_pp73-macosx_10_12_x86_64.whl", hash = "sha256:0c6dc23fe9a00df4909db603966e020116742fbc2a998a121f2a9bf092ab9529"},
    {file = "python_calamine-0.6.2-pp311-pypy311_pp73-macosx_11_0_arm64.whl", hash = "sha256:4f434d5db2a015ef1368fd633375844a6897a9b19df2cbdd6337ef3af2326a8e"},
    {file = "python_calamine-0.6.2-pp311-pypy311_pp73-manylinux_2_17_aarch64.manylinux2014_aarch64.whl", hash = "sha256:fc2f65c8edacf36f76d108d760413abccf2ace7478d9c2eafa795a0e01a89c44"},
    {file = "python_calamine-0.6.2-pp311-pypy311_pp73-manylinux_2_17_x86_64.manylinux2014_x86_64.whl", hash = "sha256:c56d68cf4cc13e2865c66508b1ffde75de610c539603354240d366d3764968fc"},
    {file = "python_calamine-0.6.2-pp311-pypy311_pp73-manylinux_2_5_i686.manylinux1_i686.whl", hash = "sha256:8e5f3e959793f697101a96857e3e3e2e84b27847eb3b80370675483eeea5b07f"},
    {file = "python_calamine-0.6.2-pp311-pypy311_pp73-musllinux_1_1_aarch64.whl", hash = "sha256:bb705b9acf993002bce5d2cab182cd04e539ae712be51f31a33a64528792869d"},
    {file = "python_calamine-0.6.2-pp311-pypy311_pp73-musllinux_1_1_armv7l.whl", hash = "sha256:03faea1948e6cf82382819cb3f330616e0ec4b622e98102fd9a0522d260b1161"},
    {file = "python_calamine-0.6.2-pp311-pypy311_pp73-musllinux_1_1_x86_64.whl", hash = "sha256:b149def7d77c8bc9e2d7b2a6c75215367426a0be430906fd6ea9803ae1c63e14"},
    {file = "python_calamine-0.6.2.tar.gz", hash = "sha256:2c90e5224c5e92db9fcd8f22b6085ce63b935cfe7a893ac9a1c3c56793bafd9d"},
]

[[package]]
name = "python-dotenv"
version = "1.2.2"
description = "Read key-value pairs from a .env file and set them as environment variables"
optional = false
python-versions = ">=3.10"
groups = ["main"]
files = [
    {file = "python_dotenv-1.2.2-py3-none-any.whl", hash = "sha256:1d8214789a24de455a8b8bd8ae6fe3c6b69a5e3d64aa8a8e5d68e694bbcb285a"},
    {file = "python_dotenv-1.2.2.tar.gz", hash = "sha256:2c371a91fbd7ba082c2c1dc1f8bf89ca22564a087c2c287cd9b662adde799cf3"},
]

[package.extras]
cli = ["click (>=5.0)"]

[[package]]
name = "python-telegram-bot"
version = "20.0"
description = "We have made you a wrapper you can't refuse"
optional = false
python-versions = ">=3.7"
groups = ["main"]
files = [
    {file = "python-telegram-bot-20.0.tar.gz", hash = "sha256:9ff3d7b03d0e621df6c903622338e30d761e121c27179e13f62ba2216b7c6d32"},
    {file = "python_telegram_bot-20.0-py3-none-any.whl", hash = "sha256:2f7f0a0eee6517ffb3e9732b622b5c97c107517f35dc2a97273c74cb5ed39e9d"},
]

[package.dependencies]
httpx = ">=0.23.1,<0.24.0"

[package.extras]
all = ["APScheduler (>=3.9.1,<3.10.0)", "aiolimiter (>=1.0.0,<1.1.0)", "cachetools (>=5.2.0,<5.3.0)", "cryptography (>=3.0,!=3.4,!=3.4.1,!=3.4.2,!=3.4.3)", "httpx[socks]", "pytz (>=2018.6)", "tornado (>=6.2,<7.0)"]
callback-data = ["cachetools (>=5.2.0,<5.3.0)"]
ext = ["APScheduler (>=3.9.1,<3.10.0)", "aiolimiter (>=1.0.0,<1.1.0)", "cachetools (>=5.2.0,<5.3.0)", "pytz (>=2018.6)", "tornado (>=6.2,<7.0)"]
job-queue = ["APScheduler (>=3.9.1,<3.10.0)", "pytz (>=2018.6)"]
passport = ["cryptography (>=3.0,!=3.4,!=3.4.1,!=3.4.2,!=3.4.3)"]
rate-limiter = ["aiolimiter (>=1.0.0,<1.1.0)"]
socks = ["httpx[socks]"]
webhooks = ["tornado (>=6.2,<7.0)"]

[[package]]
name = "pytokens"
version = "0.4.1"
description = "A Fast, spec compliant Python 3.14+ tokenizer that runs on older Pythons."
optional = false
python-versions = ">=3.8"
groups = ["dev"]
files = [
    {file = "pytokens-0.4.1-cp310-cp310-macosx_11_0_arm64.whl", hash = "sha256:2a44ed93ea23415c54f3face3b65ef2b844d96aeb3455b8a69b3df6beab6acc5"},
    {file = "pytokens-0.4.1-cp310-cp310-manylinux2014_aarch64.manylinux_2_17_aarch64.manylinux_2_28_aarch64.whl", hash = "sha256:add8bf86b71a5d9fb5b89f023a80b791e04fba57960aa790cc6125f7f1d39dfe"},
    {file = "pytokens-0.4.1-cp310-cp310-manylinux2014_x86_64.manylinux_2_17_x86_64.manylinux_2_28_x86_64.whl", hash = "sha256:670d286910b531c7b7e3c0b453fd8156f250adb140146d234a82219459b9640c"},
    {file = "pytokens-0.4.1-cp310-cp310-musllinux_1_2_x86_64.whl", hash = "sha256:4e691d7f5186bd2842c14813f79f8884bb03f5995f0575272009982c5ac6c0f7"},
    {file = "pytokens-0.4.1-cp310-cp310-win_amd64.whl", hash = "sha256:27b83ad28825978742beef057bfe406ad6ed524b2d28c252c5de7b4a6dd48fa2"},
    {file = "pytokens-0.4.1-cp311-cp311-macosx_11_0_arm64.whl", hash = "sha256:d70e77c55ae8380c91c0c18dea05951482e263982911fc7410b1ffd1dadd3440"},
    {file = "pytokens-0.4.1-cp311-cp311-manylinux2014_aarch64.manylinux_2_17_aarch64.manylinux_2_28_aarch64.whl", hash = "sha256:4a58d057208cb9075c144950d789511220b07636dd2e4708d5645d24de666bdc"},
    {file = "pytokens-0.4.1-cp311-cp311-manylinux2014_x86_64.manylinux_2_17_x86_64.manylinux_2_28_x86_64.whl", hash = "sha256:b49750419d300e2b5a3813cf229d4e5a4c728dae470bcc89867a9ad6f25a722d"},
    {file = "pytokens-0.4.1-cp311-cp311-musllinux_1_2_x86_64.whl", hash = "sha256:d9907d61f15bf7261d7e775bd5d7ee4d2930e04424bab1972591918497623a16"},
    {file = "pytokens-0.4.1-cp311-cp311-win_amd64.whl", hash = "sha256:ee44d0f85b803321710f9239f335aafe16553b39106384cef8e6de40cb4ef2f6"},
    {file = "pytokens-0.4.1-cp312-cp312-macosx_11_0_arm64.whl", hash = "sha256:140709331e846b728475786df8aeb27d24f48cbcf7bcd449f8de75cae7a45083"},
    {file = "pytokens-0.4.1-cp312-cp312-manylinux2014_aarch64.manylinux_2_17_aarch64.manylinux_2_28_aarch64.whl", hash = "sha256:6d6c4268598f762bc8e91f5dbf2ab2f61f7b95bdc07953b602db879b3c8c18e1"},
    {file = "pytokens-0.4.1-cp312-cp312-manylinux2014_x86_64.manylinux_2_17_x86_64.manylinux_2_28_x86_64.whl", hash = "sha256:24afde1f53d95348b5a0eb19488661147285ca4dd7ed752bbc3e1c6242a304d1"},
    {file = "pytokens-0.4.1-cp312-cp312-musllinux_1_2_x86_64.whl", hash = "sha256:5ad948d085ed6c16413eb5fec6b3e02fa00dc29a2534f088d3302c47eb59adf9"},
    {file = "pytokens-0.4.1-cp312-cp312-win_amd64.whl", hash = "sha256:3f901fe783e06e48e8cbdc82d631fca8f118333798193e026a50ce1b3757ea68"},
    {file = "pytokens-0.4.1-cp313-cp313-macosx_11_0_arm64.whl", hash = "sha256:8bdb9d0ce90cbf99c525e75a2fa415144fd570a1ba987380190e8b786bc6ef9b"},
    {file = "pytokens-0.4.1-cp313-cp313-manylinux2014_aarch64.manylinux_2_17_aarch64.manylinux_2_28_aarch64.whl", hash = "sha256:5502408cab1cb18e128570f8d598981c68a50d0cbd7c61312a90507cd3a1276f"},
    {file = "pytokens-0.4.1-cp313-cp313-manylinux2014_x86_64.manylinux_2_17_x86_64.manylinux_2_28_x86_64.whl", hash = "sha256:29d1d8fb1030af4d231789959f21821ab6325e463f0503a61d204343c9b355d1"},
    {file = "pytokens-0.4.1-cp313-cp313-musllinux_1_2_x86_64.whl", hash = "sha256:970b08dd6b86058b6dc07efe9e98414f5102974716232d10f32ff39701e841c4"},
    {file = "pytokens-0.4.1-cp313-cp313-win_amd64.whl", hash = "sha256:9bd7d7f544d362576be74f9d5901a22f317efc20046efe2034dced238cbbfe78"},
    {file = "pytokens-0.4.1-cp314-cp314-macosx_11_0_arm64.whl", hash = "sha256:4a14d5f5fc78ce85e426aa159489e2d5961acf0e47575e08f35584009178e321"},
    {file = "pytokens-0.4.1-cp314-cp314-manylinux2014_aarch64.manylinux_2_17_aarch64.manylinux_2_28_aarch64.whl", hash = "sha256:97f50fd18543be72da51dd505e2ed20d2228c74e0464e4262e4899797803d7fa"},
    {file = "pytokens-0.4.1-cp314-cp314-manylinux2014_x86_64.manylinux_2_17_x86_64.manylinux_2_28_x86_64.whl", hash = "sha256:dc74c035f9bfca0255c1af77ddd2d6ae8419012805453e4b0e7513e17904545d"},
    {file = "pytokens-0.4.1-cp314-cp314-musllinux_1_2_x86_64.whl", hash = "sha256:f66a6bbe741bd431f6d741e617e0f39ec7257ca1f89089593479347cc4d13324"},
    {file = "pytokens-0.4.1-cp314-cp314-win_amd64.whl", hash = "sha256:b35d7e5ad269804f6697727702da3c517bb8a5228afa450ab0fa787732055fc9"},
    {file = "pytokens-0.4.1-cp314-cp314t-macosx_11_0_arm64.whl", hash = "sha256:8fcb9ba3709ff77e77f1c7022ff11d13553f3c30299a9fe246a166903e9091eb"},
    {file = "pytokens-0.4.1-cp314-cp314t-manylinux2014_aarch64.manylinux_2_17_aarch64.manylinux_2_28_aarch64.whl", hash = "sha256:79fc6b8699564e1f9b521582c35435f1bd32dd06822322ec44afdeba666d8cb3"},
    {file = "pytokens-0.4.1-cp314-cp314t-manylinux2014_x86_64.manylinux_2_17_x86_64.manylinux_2_28_x86_64.whl", hash = "sha256:d31b97b3de0f61571a124a00ffe9a81fb9939146c122c11060725bd5aea79975"},
    {file = "pytokens-0.4.1-cp314-cp314t-musllinux_1_2_x86_64.whl", hash = "sha256:967cf6e3fd4adf7de8fc73cd3043754ae79c36475c1c11d514fc72cf5490094a"},
    {file = "pytokens-0.4.1-cp314-cp314t-win_amd64.whl", hash = "sha256:584c80c24b078eec1e227079d56dc22ff755e0ba8654d8383b2c549107528918"},
    {file = "pytokens-0.4.1-cp38-cp38-macosx_11_0_arm64.whl", hash = "sha256:da5baeaf7116dced9c6bb76dc31ba04a2dc3695f3d9f74741d7910122b456edc"},
    {file = "pytokens-0.4.1-cp38-cp38-manylinux2014_aarch64.manylinux_2_17_aarch64.manylinux_2_28_aarch64.whl", hash = "sha256:11edda0942da80ff58c4408407616a310adecae1ddd22eef8c692fe266fa5009"},
    {file = "pytokens-0.4.1-cp38-cp38-manylinux2014_x86_64.manylinux_2_17_x86_64.manylinux_2_28_x86_64.whl", hash = "sha256:0fc71786e629cef478cbf29d7ea1923299181d0699dbe7c3c0f4a583811d9fc1"},
    {file = "pytokens-0.4.1-cp38-cp38-musllinux_1_2_x86_64.whl", hash = "sha256:dcafc12c30dbaf1e2af0490978352e0c4041a7cde31f4f81435c2a5e8b9cabb6"},
    {file = "pytokens-0.4.1-cp38-cp38-win_amd64.whl", hash = "sha256:42f144f3aafa5d92bad964d471a581651e28b24434d184871bd02e3a0d956037"},
    {file = "pytokens-0.4.1-cp39-cp39-macosx_11_0_arm64.whl", hash = "sha256:34bcc734bd2f2d5fe3b34e7b3c0116bfb2397f2d9666139988e7a3eb5f7400e3"},
    {file = "pytokens-0.4.1-cp39-cp39-manylinux2014_aarch64.manylinux_2_17_aarch64.manylinux_2_28_aarch64.whl", hash = "sha256:941d4343bf27b605e9213b26bfa1c4bf197c9c599a9627eb7305b0defcfe40c1"},
    {file = "pytokens-0.4.1-cp39-cp39-manylinux2014_x86_64.manylinux_2_17_x86_64.manylinux_2_28_x86_64.whl", hash = "sha256:3ad72b851e781478366288743198101e5eb34a414f1d5627cdd585ca3b25f1db"},
    {file = "pytokens-0.4.1-cp39-cp39-musllinux_1_2_x86_64.whl", hash = "sha256:682fa37ff4d8e95f7df6fe6fe6a431e8ed8e788023c6bcc0f0880a12eab80ad1"},
    {file = "pytokens-0.4.1-cp39-cp39-win_amd64.whl", hash = "sha256:30f51edd9bb7f85c748979384165601d028b84f7bd13fe14d3e065304093916a"},
    {file = "pytokens-0.4.1-py3-none-any.whl", hash = "sha256:26cef14744a8385f35d0e095dc8b3a7583f6c953c2e3d269c7f82484bf5ad2de"},
    {file = "pytokens-0.4.1.tar.gz", hash = "sha256:292052fe80923aae2260c073f822ceba21f3872ced9a68bb7953b348e561179a"},
]

[package.extras]
dev = ["black", "build", "mypy", "pytest", "pytest-cov", "setuptools", "tox", "twine", "wheel"]

[[package]]
name = "rfc3986"
version = "1.5.0"
description = "Validating URI References per RFC 3986"
optional = false
python-versions = "*"
groups = ["main"]
files = [
    {file = "rfc3986-1.5.0-py2.py3-none-any.whl", hash = "sha256:a86d6e1f5b1dc238b218b012df0aa79409667bb209e58da56d0b94704e712a97"},
    {file = "rfc3986-1.5.0.tar.gz", hash = "sha256:270aaf10d87d0d4e095063c65bf3ddbc6ee3d0b226328ce21e036f946e421835"},
]

[package.dependencies]
idna = {version = "*", optional = true, markers = "extra == \"idna2008\""}

[package.extras]
idna2008 = ["idna"]

[[package]]
name = "ruff"
version = "0.15.5"
description = "An extremely fast Python linter and code formatter, written in Rust."
optional = false
python-versions = ">=3.7"
groups = ["dev"]
files = [
    {file = "ruff-0.15.5-py3-none-linux_armv6l.whl", hash = "sha256:4ae44c42281f42e3b06b988e442d344a5b9b72450ff3c892e30d11b29a96a57c"},
    {file = "ruff-0.15.5-py3-none-macosx_10_12_x86_64.whl", hash = "sha256:6edd3792d408ebcf61adabc01822da687579a1a023f297618ac27a5b51ef0080"},
    {file = "ruff-0.15.5-py3-none-macosx_11_0_arm64.whl", hash = "sha256:89f463f7c8205a9f8dea9d658d59eff49db05f88f89cc3047fb1a02d9f344010"},
    {file = "ruff-0.15.5-py3-none-manylinux_2_17_aarch64.manylinux2014_aarch64.whl", hash = "sha256:ba786a8295c6574c1116704cf0b9e6563de3432ac888d8f83685654fe528fd65"},
    {file = "ruff-0.15.5-py3-none-manylinux_2_17_armv7l.manylinux2014_armv7l.whl", hash = "sha256:fd4b801e57955fe9f02b31d20375ab3a5c4415f2e5105b79fb94cf2642c91440"},
    {file = "ruff-0.15.5-py3-none-manylinux_2_17_i686.manylinux2014_i686.whl", hash = "sha256:391f7c73388f3d8c11b794dbbc2959a5b5afe66642c142a6effa90b45f6f5204"},
    {file = "ruff-0.15.5-py3-none-manylinux_2_17_ppc64le.manylinux2014_ppc64le.whl", hash = "sha256:8dc18f30302e379fe1e998548b0f5e9f4dff907f52f73ad6da419ea9c19d66c8"},
    {file = "ruff-0.15.5-py3-none-manylinux_2_17_s390x.manylinux2014_s390x.whl", hash = "sha256:1cc6e7f90087e2d27f98dc34ed1b3ab7c8f0d273cc5431415454e22c0bd2a681"},
    {file = "ruff-0.15.5-py3-none-manylinux_2_17_x86_64.manylinux2014_x86_64.whl", hash = "sha256:c1cb7169f53c1ddb06e71a9aebd7e98fc0fea936b39afb36d8e86d36ecc2636a"},
    {file = "ruff-0.15.5-py3-none-manylinux_2_31_riscv64.whl", hash = "sha256:9b037924500a31ee17389b5c8c4d88874cc6ea8e42f12e9c61a3d754ff72f1ca"},
    {file = "ruff-0.15.5-py3-none-musllinux_1_2_aarch64.whl", hash = "sha256:65bb414e5b4eadd95a8c1e4804f6772bbe8995889f203a01f77ddf2d790929dd"},
    {file = "ruff-0.15.5-py3-none-musllinux_1_2_armv7l.whl", hash = "sha256:d20aa469ae3b57033519c559e9bc9cd9e782842e39be05b50e852c7c981fa01d"},
    {file = "ruff-0.15.5-py3-none-musllinux_1_2_i686.whl", hash = "sha256:15388dd28c9161cdb8eda68993533acc870aa4e646a0a277aa166de9ad5a8752"},
    {file = "ruff-0.15.5-py3-none-musllinux_1_2_x86_64.whl", hash = "sha256:b30da330cbd03bed0c21420b6b953158f60c74c54c5f4c1dabbdf3a57bf355d2"},
    {file = "ruff-0.15.5-py3-none-win32.whl", hash = "sha256:732e5ee1f98ba5b3679029989a06ca39a950cced52143a0ea82a2102cb592b74"},
    {file = "ruff-0.15.5-py3-none-win_amd64.whl", hash = "sha256:821d41c5fa9e19117616c35eaa3f4b75046ec76c65e7ae20a333e9a8696bc7fe"},
    {file = "ruff-0.15.5-py3-none-win_arm64.whl", hash = "sha256:b498d1c60d2fe5c10c45ec3f698901065772730b411f164ae270bb6bfcc4740b"},
    {file = "ruff-0.15.5.tar.gz", hash = "sha256:7c3601d3b6d76dce18c5c824fc8d06f4eef33d6df0c21ec7799510cde0f159a2"},
]

[[package]]
name = "sniffio"
version = "1.3.1"
description = "Sniff out which async library your code is running under"
optional = false
python-versions = ">=3.7"
groups = ["main"]
files = [
    {file = "sniffio-1.3.1-py3-none-any.whl", hash = "sha256:2f6da418d1f1e0fddd844478f41680e794e6051915791a034ff65e5f100525a2"},
    {file = "sniffio-1.3.1.tar.gz", hash = "sha256:f4324edc670a0f49750a81b895f35c3adb843cca46f0530f79fc1babb23789dc"},
]

[[package]]
name = "typing-extensions"
version = "4.12.2"
description = "Backported and Experimental Type Hints for Python 3.8+"
optional = false
python-versions = ">=3.8"
groups = ["dev"]
files = [
    {file = "typing_extensions-4.12.2-py3-none-any.whl", hash = "sha256:04e5ca0351e0f3f85c6853954072df659d0d13fac324d0072316b67d7794700d"},
    {file = "typing_extensions-4.12.2.tar.gz", hash = "sha256:1a7ead55c7e559dd4dee8856e3a88b41225abfe1ce8df57b7c13915fe121ffb8"},
]

[metadata]
lock-version = "2.1"
python-versions = "^3.13"
content-hash = "7fafbfa6ec26f0d6788de685adea492448fd33ddf0fe145272e68c6876a4eca1"
